// !$*UTF8*$!
{
	archiveVersion = 1;
	classes = {
	};
	objectVersion = 56;
	objects = {

/* Begin PBXBuildFile section */
		A201 /* LineDogApp.swift in Sources */ = {isa = PBXBuildFile; fileRef = B201 /* LineDogApp.swift */; };
		A210 /* LineDogAppDelegate.swift in Sources */ = {isa = PBXBuildFile; fileRef = B210 /* LineDogAppDelegate.swift */; };
		A202 /* AppViewModel.swift in Sources */ = {isa = PBXBuildFile; fileRef = B202 /* AppViewModel.swift */; };
		A203 /* MenuBarContentView.swift in Sources */ = {isa = PBXBuildFile; fileRef = B203 /* MenuBarContentView.swift */; };
		A20E /* PetDisplayMode.swift in Sources */ = {isa = PBXBuildFile; fileRef = B20E /* PetDisplayMode.swift */; };
		A20F /* MenuBarDogLabel.swift in Sources */ = {isa = PBXBuildFile; fileRef = B20F /* MenuBarDogLabel.swift */; };
		A204 /* TimeState.swift in Sources */ = {isa = PBXBuildFile; fileRef = B204 /* TimeState.swift */; };
		A205 /* TimerEngine.swift in Sources */ = {isa = PBXBuildFile; fileRef = B205 /* TimerEngine.swift */; };
		A206 /* ManualTimerEngine.swift in Sources */ = {isa = PBXBuildFile; fileRef = B206 /* ManualTimerEngine.swift */; };
		A207 /* AutoTimerEngine.swift in Sources */ = {isa = PBXBuildFile; fileRef = B207 /* AutoTimerEngine.swift */; };
		A208 /* PetRenderer.swift in Sources */ = {isa = PBXBuildFile; fileRef = B208 /* PetRenderer.swift */; };
		A20A /* WindowManager.swift in Sources */ = {isa = PBXBuildFile; fileRef = B20A /* WindowManager.swift */; };
		A20D /* PetStageView.swift in Sources */ = {isa = PBXBuildFile; fileRef = B20D /* PetStageView.swift */; };
		A211 /* MenuBarNSScreen.swift in Sources */ = {isa = PBXBuildFile; fileRef = B211 /* MenuBarNSScreen.swift */; };
		A212 /* SevenMinuteReminderController.swift in Sources */ = {isa = PBXBuildFile; fileRef = B212 /* SevenMinuteReminderController.swift */; };
		A213 /* LineDogBroadcastNotifications.swift in Sources */ = {isa = PBXBuildFile; fileRef = B213 /* LineDogBroadcastNotifications.swift */; };
		A214 /* FiveMinuteCatCompanionController.swift in Sources */ = {isa = PBXBuildFile; fileRef = B214 /* FiveMinuteCatCompanionController.swift */; };
		A215 /* ReminderDisplayItem.swift in Sources */ = {isa = PBXBuildFile; fileRef = B215 /* ReminderDisplayItem.swift */; };
		A216 /* RemindersCalendarDescriptor.swift in Sources */ = {isa = PBXBuildFile; fileRef = B216 /* RemindersCalendarDescriptor.swift */; };
		A217 /* RemindersSelectedListPreference.swift in Sources */ = {isa = PBXBuildFile; fileRef = B217 /* RemindersSelectedListPreference.swift */; };
		A218 /* RemindersEventStoreBacking.swift in Sources */ = {isa = PBXBuildFile; fileRef = B218 /* RemindersEventStoreBacking.swift */; };
		A219 /* RemindersSyncCoordinator.swift in Sources */ = {isa = PBXBuildFile; fileRef = B219 /* RemindersSyncCoordinator.swift */; };
		A21A /* EventKitRemindersBacking.swift in Sources */ = {isa = PBXBuildFile; fileRef = B21A /* EventKitRemindersBacking.swift */; };
		A21B /* DeskRemindersModel.swift in Sources */ = {isa = PBXBuildFile; fileRef = B21B /* DeskRemindersModel.swift */; };
		A220 /* LLMReminderJSONPayload.swift in Sources */ = {isa = PBXBuildFile; fileRef = B220 /* LLMReminderJSONPayload.swift */; };
		A221 /* ReminderMutationServing.swift in Sources */ = {isa = PBXBuildFile; fileRef = B221 /* ReminderMutationServing.swift */; };
		A222 /* SmartReminderPromptBuilder.swift in Sources */ = {isa = PBXBuildFile; fileRef = B222 /* SmartReminderPromptBuilder.swift */; };
		A223 /* EventKitReminderMutationService.swift in Sources */ = {isa = PBXBuildFile; fileRef = B223 /* EventKitReminderMutationService.swift */; };
		A224 /* GeminiRemindersAPIClient.swift in Sources */ = {isa = PBXBuildFile; fileRef = B224 /* GeminiRemindersAPIClient.swift */; };
		A225 /* SmartReminderOrchestrator.swift in Sources */ = {isa = PBXBuildFile; fileRef = B225 /* SmartReminderOrchestrator.swift */; };
		A226 /* SmartReminderUIPanels.swift in Sources */ = {isa = PBXBuildFile; fileRef = B226 /* SmartReminderUIPanels.swift */; };
		A227 /* LineDogDefaults.swift in Sources */ = {isa = PBXBuildFile; fileRef = B227 /* LineDogDefaults.swift */; };
		A228 /* LineDogSettingsView.swift in Sources */ = {isa = PBXBuildFile; fileRef = B228 /* LineDogSettingsView.swift */; };
		A229 /* LineDogPresentationAnchor.swift in Sources */ = {isa = PBXBuildFile; fileRef = B229 /* LineDogPresentationAnchor.swift */; };
		A20B /* Assets.xcassets in Resources */ = {isa = PBXBuildFile; fileRef = B20B /* Assets.xcassets */; };
		A301 /* MockWindowManager.swift in Sources */ = {isa = PBXBuildFile; fileRef = B301 /* MockWindowManager.swift */; };
		A302 /* LineDogInteractionTests.swift in Sources */ = {isa = PBXBuildFile; fileRef = B302 /* LineDogInteractionTests.swift */; };
		A303 /* MockRemindersEventStoreBacking.swift in Sources */ = {isa = PBXBuildFile; fileRef = B303 /* MockRemindersEventStoreBacking.swift */; };
		A304 /* RemindersSyncCoordinatorTests.swift in Sources */ = {isa = PBXBuildFile; fileRef = B304 /* RemindersSyncCoordinatorTests.swift */; };
		A305 /* SmartReminderOrchestratorTests.swift in Sources */ = {isa = PBXBuildFile; fileRef = B305 /* SmartReminderOrchestratorTests.swift */; };
/* End PBXBuildFile section */

/* Begin PBXFileReference section */
		B201 /* LineDogApp.swift */ = {isa = PBXFileReference; lastKnownFileType = sourcecode.swift; path = LineDogApp.swift; sourceTree = "<group>"; };
		B210 /* LineDogAppDelegate.swift */ = {isa = PBXFileReference; lastKnownFileType = sourcecode.swift; path = LineDogAppDelegate.swift; sourceTree = "<group>"; };
		B202 /* AppViewModel.swift */ = {isa = PBXFileReference; lastKnownFileType = sourcecode.swift; path = AppViewModel.swift; sourceTree = "<group>"; };
		B203 /* MenuBarContentView.swift */ = {isa = PBXFileReference; lastKnownFileType = sourcecode.swift; path = MenuBarContentView.swift; sourceTree = "<group>"; };
		B20E /* PetDisplayMode.swift */ = {isa = PBXFileReference; lastKnownFileType = sourcecode.swift; path = PetDisplayMode.swift; sourceTree = "<group>"; };
		B20F /* MenuBarDogLabel.swift */ = {isa = PBXFileReference; lastKnownFileType = sourcecode.swift; path = MenuBarDogLabel.swift; sourceTree = "<group>"; };
		B204 /* TimeState.swift */ = {isa = PBXFileReference; lastKnownFileType = sourcecode.swift; path = TimeState.swift; sourceTree = "<group>"; };
		B205 /* TimerEngine.swift */ = {isa = PBXFileReference; lastKnownFileType = sourcecode.swift; path = TimerEngine.swift; sourceTree = "<group>"; };
		B206 /* ManualTimerEngine.swift */ = {isa = PBXFileReference; lastKnownFileType = sourcecode.swift; path = ManualTimerEngine.swift; sourceTree = "<group>"; };
		B207 /* AutoTimerEngine.swift */ = {isa = PBXFileReference; lastKnownFileType = sourcecode.swift; path = AutoTimerEngine.swift; sourceTree = "<group>"; };
		B208 /* PetRenderer.swift */ = {isa = PBXFileReference; lastKnownFileType = sourcecode.swift; path = PetRenderer.swift; sourceTree = "<group>"; };
		B20A /* WindowManager.swift */ = {isa = PBXFileReference; lastKnownFileType = sourcecode.swift; path = WindowManager.swift; sourceTree = "<group>"; };
		B20D /* PetStageView.swift */ = {isa = PBXFileReference; lastKnownFileType = sourcecode.swift; path = PetStageView.swift; sourceTree = "<group>"; };
		B211 /* MenuBarNSScreen.swift */ = {isa = PBXFileReference; lastKnownFileType = sourcecode.swift; path = MenuBarNSScreen.swift; sourceTree = "<group>"; };
		B212 /* SevenMinuteReminderController.swift */ = {isa = PBXFileReference; lastKnownFileType = sourcecode.swift; path = SevenMinuteReminderController.swift; sourceTree = "<group>"; };
		B213 /* LineDogBroadcastNotifications.swift */ = {isa = PBXFileReference; lastKnownFileType = sourcecode.swift; path = LineDogBroadcastNotifications.swift; sourceTree = "<group>"; };
		B214 /* FiveMinuteCatCompanionController.swift */ = {isa = PBXFileReference; lastKnownFileType = sourcecode.swift; path = FiveMinuteCatCompanionController.swift; sourceTree = "<group>"; };
		B215 /* ReminderDisplayItem.swift */ = {isa = PBXFileReference; lastKnownFileType = sourcecode.swift; path = ReminderDisplayItem.swift; sourceTree = "<group>"; };
		B216 /* RemindersCalendarDescriptor.swift */ = {isa = PBXFileReference; lastKnownFileType = sourcecode.swift; path = RemindersCalendarDescriptor.swift; sourceTree = "<group>"; };
		B217 /* RemindersSelectedListPreference.swift */ = {isa = PBXFileReference; lastKnownFileType = sourcecode.swift; path = RemindersSelectedListPreference.swift; sourceTree = "<group>"; };
		B218 /* RemindersEventStoreBacking.swift */ = {isa = PBXFileReference; lastKnownFileType = sourcecode.swift; path = RemindersEventStoreBacking.swift; sourceTree = "<group>"; };
		B219 /* RemindersSyncCoordinator.swift */ = {isa = PBXFileReference; lastKnownFileType = sourcecode.swift; path = RemindersSyncCoordinator.swift; sourceTree = "<group>"; };
		B21A /* EventKitRemindersBacking.swift */ = {isa = PBXFileReference; lastKnownFileType = sourcecode.swift; path = EventKitRemindersBacking.swift; sourceTree = "<group>"; };
		B21B /* DeskRemindersModel.swift */ = {isa = PBXFileReference; lastKnownFileType = sourcecode.swift; path = DeskRemindersModel.swift; sourceTree = "<group>"; };
		B220 /* LLMReminderJSONPayload.swift */ = {isa = PBXFileReference; lastKnownFileType = sourcecode.swift; path = LLMReminderJSONPayload.swift; sourceTree = "<group>"; };
		B221 /* ReminderMutationServing.swift */ = {isa = PBXFileReference; lastKnownFileType = sourcecode.swift; path = ReminderMutationServing.swift; sourceTree = "<group>"; };
		B222 /* SmartReminderPromptBuilder.swift */ = {isa = PBXFileReference; lastKnownFileType = sourcecode.swift; path = SmartReminderPromptBuilder.swift; sourceTree = "<group>"; };
		B223 /* EventKitReminderMutationService.swift */ = {isa = PBXFileReference; lastKnownFileType = sourcecode.swift; path = EventKitReminderMutationService.swift; sourceTree = "<group>"; };
		B224 /* GeminiRemindersAPIClient.swift */ = {isa = PBXFileReference; lastKnownFileType = sourcecode.swift; path = GeminiRemindersAPIClient.swift; sourceTree = "<group>"; };
		B225 /* SmartReminderOrchestrator.swift */ = {isa = PBXFileReference; lastKnownFileType = sourcecode.swift; path = SmartReminderOrchestrator.swift; sourceTree = "<group>"; };
		B226 /* SmartReminderUIPanels.swift */ = {isa = PBXFileReference; lastKnownFileType = sourcecode.swift; path = SmartReminderUIPanels.swift; sourceTree = "<group>"; };
		B227 /* LineDogDefaults.swift */ = {isa = PBXFileReference; lastKnownFileType = sourcecode.swift; path = LineDogDefaults.swift; sourceTree = "<group>"; };
		B228 /* LineDogSettingsView.swift */ = {isa = PBXFileReference; lastKnownFileType = sourcecode.swift; path = LineDogSettingsView.swift; sourceTree = "<group>"; };
		B229 /* LineDogPresentationAnchor.swift */ = {isa = PBXFileReference; lastKnownFileType = sourcecode.swift; path = LineDogPresentationAnchor.swift; sourceTree = "<group>"; };
		B20B /* Assets.xcassets */ = {isa = PBXFileReference; lastKnownFileType = folder.assetcatalog; path = Assets.xcassets; sourceTree = "<group>"; };
		C200 /* LineDog.app */ = {isa = PBXFileReference; explicitFileType = wrapper.application; includeInIndex = 0; path = LineDog.app; sourceTree = BUILT_PRODUCTS_DIR; };
		C301 /* LineDogTests.xctest */ = {isa = PBXFileReference; explicitFileType = wrapper.cfbundle; includeInIndex = 0; path = LineDogTests.xctest; sourceTree = BUILT_PRODUCTS_DIR; };
		B301 /* MockWindowManager.swift */ = {isa = PBXFileReference; lastKnownFileType = sourcecode.swift; path = MockWindowManager.swift; sourceTree = "<group>"; };
		B302 /* LineDogInteractionTests.swift */ = {isa = PBXFileReference; lastKnownFileType = sourcecode.swift; path = LineDogInteractionTests.swift; sourceTree = "<group>"; };
		B303 /* MockRemindersEventStoreBacking.swift */ = {isa = PBXFileReference; lastKnownFileType = sourcecode.swift; path = MockRemindersEventStoreBacking.swift; sourceTree = "<group>"; };
		B304 /* RemindersSyncCoordinatorTests.swift */ = {isa = PBXFileReference; lastKnownFileType = sourcecode.swift; path = RemindersSyncCoordinatorTests.swift; sourceTree = "<group>"; };
		B305 /* SmartReminderOrchestratorTests.swift */ = {isa = PBXFileReference; lastKnownFileType = sourcecode.swift; path = SmartReminderOrchestratorTests.swift; sourceTree = "<group>"; };
/* End PBXFileReference section */

/* Begin PBXFrameworksBuildPhase section */
		D200 /* Frameworks */ = {
			isa = PBXFrameworksBuildPhase;
			buildActionMask = 2147483647;
			files = (
			);
			runOnlyForDeploymentPostprocessing = 0;
		};
		F303 /* Frameworks */ = {
			isa = PBXFrameworksBuildPhase;
			buildActionMask = 2147483647;
			files = (
			);
			runOnlyForDeploymentPostprocessing = 0;
		};
/* End PBXFrameworksBuildPhase section */

/* Begin PBXGroup section */
		E200 = {
			isa = PBXGroup;
			children = (
				E201 /* LineDog */,
				E206 /* LineDogTests */,
				E202 /* Products */,
			);
			sourceTree = "<group>";
		};
		E206 /* LineDogTests */ = {
			isa = PBXGroup;
			children = (
				B301 /* MockWindowManager.swift */,
				B302 /* LineDogInteractionTests.swift */,
				B303 /* MockRemindersEventStoreBacking.swift */,
				B304 /* RemindersSyncCoordinatorTests.swift */,
				B305 /* SmartReminderOrchestratorTests.swift */,
			);
			path = LineDogTests;
			sourceTree = "<group>";
		};
		E201 /* LineDog */ = {
			isa = PBXGroup;
			children = (
				B201 /* LineDogApp.swift */,
				B210 /* LineDogAppDelegate.swift */,
				B202 /* AppViewModel.swift */,
				B203 /* MenuBarContentView.swift */,
				B20F /* MenuBarDogLabel.swift */,
				B20E /* PetDisplayMode.swift */,
				B213 /* LineDogBroadcastNotifications.swift */,
				E203 /* TimerEngine */,
				E204 /* PetRenderer */,
				E205 /* WindowManager */,
				E207 /* SevenMinuteReminder */,
				E208 /* FiveMinuteCat */,
				E209 /* Reminders */,
				E20A /* SmartReminder */,
				E20B /* Settings */,
				B227 /* LineDogDefaults.swift */,
				B229 /* LineDogPresentationAnchor.swift */,
				B20B /* Assets.xcassets */,
			);
			path = LineDog;
			sourceTree = "<group>";
		};
		E20A /* SmartReminder */ = {
			isa = PBXGroup;
			children = (
				B220 /* LLMReminderJSONPayload.swift */,
				B221 /* ReminderMutationServing.swift */,
				B222 /* SmartReminderPromptBuilder.swift */,
				B223 /* EventKitReminderMutationService.swift */,
				B224 /* GeminiRemindersAPIClient.swift */,
				B225 /* SmartReminderOrchestrator.swift */,
				B226 /* SmartReminderUIPanels.swift */,
			);
			path = SmartReminder;
			sourceTree = "<group>";
		};
		E20B /* Settings */ = {
			isa = PBXGroup;
			children = (
				B228 /* LineDogSettingsView.swift */,
			);
			path = Settings;
			sourceTree = "<group>";
		};
		E203 /* TimerEngine */ = {
			isa = PBXGroup;
			children = (
				B204 /* TimeState.swift */,
				B205 /* TimerEngine.swift */,
				B206 /* ManualTimerEngine.swift */,
				B207 /* AutoTimerEngine.swift */,
			);
			path = TimerEngine;
			sourceTree = "<group>";
		};
		E204 /* PetRenderer */ = {
			isa = PBXGroup;
			children = (
				B208 /* PetRenderer.swift */,
			);
			path = PetRenderer;
			sourceTree = "<group>";
		};
		E205 /* WindowManager */ = {
			isa = PBXGroup;
			children = (
				B20A /* WindowManager.swift */,
				B211 /* MenuBarNSScreen.swift */,
				B20D /* PetStageView.swift */,
			);
			path = WindowManager;
			sourceTree = "<group>";
		};
		E207 /* SevenMinuteReminder */ = {
			isa = PBXGroup;
			children = (
				B212 /* SevenMinuteReminderController.swift */,
			);
			path = SevenMinuteReminder;
			sourceTree = "<group>";
		};
		E208 /* FiveMinuteCat */ = {
			isa = PBXGroup;
			children = (
				B214 /* FiveMinuteCatCompanionController.swift */,
			);
			path = FiveMinuteCat;
			sourceTree = "<group>";
		};
		E209 /* Reminders */ = {
			isa = PBXGroup;
			children = (
				B215 /* ReminderDisplayItem.swift */,
				B216 /* RemindersCalendarDescriptor.swift */,
				B217 /* RemindersSelectedListPreference.swift */,
				B218 /* RemindersEventStoreBacking.swift */,
				B219 /* RemindersSyncCoordinator.swift */,
				B21A /* EventKitRemindersBacking.swift */,
				B21B /* DeskRemindersModel.swift */,
			);
			path = Reminders;
			sourceTree = "<group>";
		};
		E202 /* Products */ = {
			isa = PBXGroup;
			children = (
				C200 /* LineDog.app */,
				C301 /* LineDogTests.xctest */,
			);
			name = Products;
			sourceTree = "<group>";
		};
/* End PBXGroup section */

/* Begin PBXNativeTarget section */
		F200 /* LineDog */ = {
			isa = PBXNativeTarget;
			buildConfigurationList = F201 /* Build configuration list for PBXNativeTarget "LineDog" */;
			buildPhases = (
				F202 /* Sources */,
				D200 /* Frameworks */,
				F203 /* Resources */,
			);
			buildRules = (
			);
			dependencies = (
			);
			name = LineDog;
			productName = LineDog;
			productReference = C200 /* LineDog.app */;
			productType = "com.apple.product-type.application";
		};
		F300 /* LineDogTests */ = {
			isa = PBXNativeTarget;
			buildConfigurationList = F305 /* Build configuration list for PBXNativeTarget "LineDogTests" */;
			buildPhases = (
				F302 /* Sources */,
				F303 /* Frameworks */,
			);
			buildRules = (
			);
			dependencies = (
				J301 /* PBXTargetDependency */,
			);
			name = LineDogTests;
			productName = LineDogTests;
			productReference = C301 /* LineDogTests.xctest */;
			productType = "com.apple.product-type.bundle.unit-test";
		};
/* End PBXNativeTarget section */

/* Begin PBXContainerItemProxy section */
		J302 /* PBXContainerItemProxy */ = {
			isa = PBXContainerItemProxy;
			containerPortal = G200 /* Project object */;
			proxyType = 1;
			remoteGlobalIDString = F200;
			remoteInfo = LineDog;
		};
/* End PBXContainerItemProxy section */

/* Begin PBXTargetDependency section */
		J301 /* PBXTargetDependency */ = {
			isa = PBXTargetDependency;
			target = F200 /* LineDog */;
			targetProxy = J302 /* PBXContainerItemProxy */;
		};
/* End PBXTargetDependency section */

/* Begin PBXProject section */
		G200 /* Project object */ = {
			isa = PBXProject;
			attributes = {
				BuildIndependentTargetsInParallel = 1;
				LastSwiftUpdateCheck = 1500;
				LastUpgradeCheck = 1500;
				TargetAttributes = {
					F200 = {
						CreatedOnToolsVersion = 15.0;
					};
					F300 = {
						CreatedOnToolsVersion = 15.0;
						TestTargetID = F200;
					};
				};
			};
			buildConfigurationList = G201 /* Build configuration list for PBXProject "LineDog" */;
			compatibilityVersion = "Xcode 14.0";
			developmentRegion = en;
			hasScannedForEncodings = 0;
			knownRegions = (
				en,
				Base,
			);
			mainGroup = E200;
			productRefGroup = E202 /* Products */;
			projectDirPath = "";
			projectRoot = "";
			targets = (
				F200 /* LineDog */,
				F300 /* LineDogTests */,
			);
		};
/* End PBXProject section */

/* Begin PBXResourcesBuildPhase section */
		F203 /* Resources */ = {
			isa = PBXResourcesBuildPhase;
			buildActionMask = 2147483647;
			files = (
				A20B /* Assets.xcassets in Resources */,
			);
			runOnlyForDeploymentPostprocessing = 0;
		};
/* End PBXResourcesBuildPhase section */

/* Begin PBXSourcesBuildPhase section */
		F202 /* Sources */ = {
			isa = PBXSourcesBuildPhase;
			buildActionMask = 2147483647;
			files = (
				A201 /* LineDogApp.swift in Sources */,
				A210 /* LineDogAppDelegate.swift in Sources */,
				A202 /* AppViewModel.swift in Sources */,
				A203 /* MenuBarContentView.swift in Sources */,
				A20F /* MenuBarDogLabel.swift in Sources */,
				A20E /* PetDisplayMode.swift in Sources */,
				A204 /* TimeState.swift in Sources */,
				A205 /* TimerEngine.swift in Sources */,
				A206 /* ManualTimerEngine.swift in Sources */,
				A207 /* AutoTimerEngine.swift in Sources */,
				A208 /* PetRenderer.swift in Sources */,
				A20A /* WindowManager.swift in Sources */,
				A20D /* PetStageView.swift in Sources */,
				A211 /* MenuBarNSScreen.swift in Sources */,
				A212 /* SevenMinuteReminderController.swift in Sources */,
				A213 /* LineDogBroadcastNotifications.swift in Sources */,
				A214 /* FiveMinuteCatCompanionController.swift in Sources */,
				A215 /* ReminderDisplayItem.swift in Sources */,
				A216 /* RemindersCalendarDescriptor.swift in Sources */,
				A217 /* RemindersSelectedListPreference.swift in Sources */,
				A218 /* RemindersEventStoreBacking.swift in Sources */,
				A219 /* RemindersSyncCoordinator.swift in Sources */,
				A21A /* EventKitRemindersBacking.swift in Sources */,
				A21B /* DeskRemindersModel.swift in Sources */,
				A220 /* LLMReminderJSONPayload.swift in Sources */,
				A221 /* ReminderMutationServing.swift in Sources */,
				A222 /* SmartReminderPromptBuilder.swift in Sources */,
				A223 /* EventKitReminderMutationService.swift in Sources */,
				A224 /* GeminiRemindersAPIClient.swift in Sources */,
				A225 /* SmartReminderOrchestrator.swift in Sources */,
				A226 /* SmartReminderUIPanels.swift in Sources */,
				A227 /* LineDogDefaults.swift in Sources */,
				A228 /* LineDogSettingsView.swift in Sources */,
				A229 /* LineDogPresentationAnchor.swift in Sources */,
			);
			runOnlyForDeploymentPostprocessing = 0;
		};
		F302 /* Sources */ = {
			isa = PBXSourcesBuildPhase;
			buildActionMask = 2147483647;
			files = (
				A301 /* MockWindowManager.swift in Sources */,
				A302 /* LineDogInteractionTests.swift in Sources */,
				A303 /* MockRemindersEventStoreBacking.swift in Sources */,
				A304 /* RemindersSyncCoordinatorTests.swift in Sources */,
				A305 /* SmartReminderOrchestratorTests.swift in Sources */,
			);
			runOnlyForDeploymentPostprocessing = 0;
		};
/* End PBXSourcesBuildPhase section */

/* Begin XCBuildConfiguration section */
		H200 /* Debug */ = {
			isa = XCBuildConfiguration;
			buildSettings = {
				ALWAYS_SEARCH_USER_PATHS = NO;
				ASSETCATALOG_COMPILER_GENERATE_SWIFT_ASSET_SYMBOL_EXTENSIONS = YES;
				CLANG_ANALYZER_NONNULL = YES;
				CLANG_ANALYZER_NUMBER_OBJECT_CONVERSION = YES_AGGRESSIVE;
				CLANG_CXX_LANGUAGE_STANDARD = "gnu++20";
				CLANG_ENABLE_MODULES = YES;
				CLANG_ENABLE_OBJC_ARC = YES;
				CLANG_ENABLE_OBJC_WEAK = YES;
				CLANG_WARN_BLOCK_CAPTURE_AUTORELEASING = YES;
				CLANG_WARN_BOOL_CONVERSION = YES;
				CLANG_WARN_COMMA = YES;
				CLANG_WARN_CONSTANT_CONVERSION = YES;
				CLANG_WARN_DEPRECATED_OBJC_IMPLEMENTATIONS = YES;
				CLANG_WARN_DIRECT_OBJC_ISA_USAGE = YES_ERROR;
				CLANG_WARN_DOCUMENTATION_COMMENTS = YES;
				CLANG_WARN_EMPTY_BODY = YES;
				CLANG_WARN_ENUM_CONVERSION = YES;
				CLANG_WARN_INFINITE_RECURSION = YES;
				CLANG_WARN_INT_CONVERSION = YES;
				CLANG_WARN_NON_LITERAL_NULL_CONVERSION = YES;
				CLANG_WARN_OBJC_IMPLICIT_RETAIN_SELF = YES;
				CLANG_WARN_OBJC_LITERAL_CONVERSION = YES;
				CLANG_WARN_OBJC_ROOT_CLASS = YES_ERROR;
				CLANG_WARN_QUOTED_INCLUDE_IN_FRAMEWORK_HEADER = YES;
				CLANG_WARN_RANGE_LOOP_ANALYSIS = YES;
				CLANG_WARN_STRICT_PROTOTYPES = YES;
				CLANG_WARN_SUSPICIOUS_MOVE = YES;
				CLANG_WARN_UNGUARDED_AVAILABILITY = YES_AGGRESSIVE;
				CLANG_WARN_UNREACHABLE_CODE = YES;
				CLANG_WARN__DUPLICATE_METHOD_MATCH = YES;
				COPY_PHASE_STRIP = NO;
				DEBUG_INFORMATION_FORMAT = dwarf;
				ENABLE_STRICT_OBJC_MSGSEND = YES;
				ENABLE_TESTABILITY = YES;
				ENABLE_USER_SCRIPT_SANDBOXING = YES;
				GCC_C_LANGUAGE_STANDARD = gnu17;
				GCC_DYNAMIC_NO_PIC = NO;
				GCC_NO_COMMON_BLOCKS = YES;
				GCC_OPTIMIZATION_LEVEL = 0;
				GCC_PREPROCESSOR_DEFINITIONS = (
					"DEBUG=1",
					"$(inherited)",
				);
				GCC_WARN_64_TO_32_BIT_CONVERSION = YES;
				GCC_WARN_ABOUT_RETURN_TYPE = YES_ERROR;
				GCC_WARN_UNDECLARED_SELECTOR = YES;
				GCC_WARN_UNINITIALIZED_AUTOS = YES_AGGRESSIVE;
				GCC_WARN_UNUSED_FUNCTION = YES;
				GCC_WARN_UNUSED_VARIABLE = YES;
				LOCALIZATION_PREFERS_STRING_CATALOGS = YES;
				MACOSX_DEPLOYMENT_TARGET = 13.0;
				MTL_ENABLE_DEBUG_INFO = INCLUDE_SOURCE;
				MTL_FAST_MATH = YES;
				ONLY_ACTIVE_ARCH = YES;
				SDKROOT = macosx;
				SWIFT_ACTIVE_COMPILATION_CONDITIONS = "DEBUG $(inherited)";
				SWIFT_OPTIMIZATION_LEVEL = "-Onone";
			};
			name = Debug;
		};
		H201 /* Release */ = {
			isa = XCBuildConfiguration;
			buildSettings = {
				ALWAYS_SEARCH_USER_PATHS = NO;
				ASSETCATALOG_COMPILER_GENERATE_SWIFT_ASSET_SYMBOL_EXTENSIONS = YES;
				CLANG_ANALYZER_NONNULL = YES;
				CLANG_ANALYZER_NUMBER_OBJECT_CONVERSION = YES_AGGRESSIVE;
				CLANG_CXX_LANGUAGE_STANDARD = "gnu++20";
				CLANG_ENABLE_MODULES = YES;
				CLANG_ENABLE_OBJC_ARC = YES;
				CLANG_ENABLE_OBJC_WEAK = YES;
				CLANG_WARN_BLOCK_CAPTURE_AUTORELEASING = YES;
				CLANG_WARN_BOOL_CONVERSION = YES;
				CLANG_WARN_COMMA = YES;
				CLANG_WARN_CONSTANT_CONVERSION = YES;
				CLANG_WARN_DEPRECATED_OBJC_IMPLEMENTATIONS = YES;
				CLANG_WARN_DIRECT_OBJC_ISA_USAGE = YES_ERROR;
				CLANG_WARN_DOCUMENTATION_COMMENTS = YES;
				CLANG_WARN_EMPTY_BODY = YES;
				CLANG_WARN_ENUM_CONVERSION = YES;
				CLANG_WARN_INFINITE_RECURSION = YES;
				CLANG_WARN_INT_CONVERSION = YES;
				CLANG_WARN_NON_LITERAL_NULL_CONVERSION = YES;
				CLANG_WARN_OBJC_IMPLICIT_RETAIN_SELF = YES;
				CLANG_WARN_OBJC_LITERAL_CONVERSION = YES;
				CLANG_WARN_OBJC_ROOT_CLASS = YES_ERROR;
				CLANG_WARN_QUOTED_INCLUDE_IN_FRAMEWORK_HEADER = YES;
				CLANG_WARN_RANGE_LOOP_ANALYSIS = YES;
				CLANG_WARN_STRICT_PROTOTYPES = YES;
				CLANG_WARN_SUSPICIOUS_MOVE = YES;
				CLANG_WARN_UNGUARDED_AVAILABILITY = YES_AGGRESSIVE;
				CLANG_WARN_UNREACHABLE_CODE = YES;
				CLANG_WARN__DUPLICATE_METHOD_MATCH = YES;
				COPY_PHASE_STRIP = NO;
				DEBUG_INFORMATION_FORMAT = "dwarf-with-dsym";
				ENABLE_NS_ASSERTIONS = NO;
				ENABLE_STRICT_OBJC_MSGSEND = YES;
				ENABLE_USER_SCRIPT_SANDBOXING = YES;
				GCC_C_LANGUAGE_STANDARD = gnu17;
				GCC_NO_COMMON_BLOCKS = YES;
				GCC_WARN_64_TO_32_BIT_CONVERSION = YES;
				GCC_WARN_ABOUT_RETURN_TYPE = YES_ERROR;
				GCC_WARN_UNDECLARED_SELECTOR = YES;
				GCC_WARN_UNINITIALIZED_AUTOS = YES_AGGRESSIVE;
				GCC_WARN_UNUSED_FUNCTION = YES;
				GCC_WARN_UNUSED_VARIABLE = YES;
				LOCALIZATION_PREFERS_STRING_CATALOGS = YES;
				MACOSX_DEPLOYMENT_TARGET = 13.0;
				MTL_ENABLE_DEBUG_INFO = NO;
				MTL_FAST_MATH = YES;
				SDKROOT = macosx;
				SWIFT_COMPILATION_MODE = wholemodule;
			};
			name = Release;
		};
		H202 /* Debug */ = {
			isa = XCBuildConfiguration;
			buildSettings = {
				ASSETCATALOG_COMPILER_APPICON_NAME = AppIcon;
				ASSETCATALOG_COMPILER_GLOBAL_ACCENT_COLOR_NAME = AccentColor;
				CODE_SIGN_STYLE = Automatic;
				COMBINE_HIDPI_IMAGES = YES;
				CURRENT_PROJECT_VERSION = 1;
				DEVELOPMENT_ASSET_PATHS = "";
				ENABLE_PREVIEWS = YES;
				GENERATE_INFOPLIST_FILE = YES;
				INFOPLIST_KEY_CFBundleDisplayName = "LineDog Rest";
				INFOPLIST_KEY_LSApplicationCategoryType = "public.app-category.healthcare-fitness";
				INFOPLIST_KEY_LSUIElement = YES;
				INFOPLIST_KEY_NSHumanReadableCopyright = "";
				INFOPLIST_KEY_NSRemindersUsageDescription = "LineDog 仅在您选择的列表中读取与勾选今日待办，与系统「提醒事项」同步。";
				LD_RUNPATH_SEARCH_PATHS = (
					"$(inherited)",
					"@executable_path/../Frameworks",
				);
				MARKETING_VERSION = 1.0;
				PRODUCT_BUNDLE_IDENTIFIER = com.linedog.LineDog;
				PRODUCT_NAME = "$(TARGET_NAME)";
				SWIFT_EMIT_LOC_STRINGS = YES;
				SWIFT_STRICT_CONCURRENCY = complete;
				SWIFT_VERSION = 5.0;
				ENABLE_TESTABILITY = YES;
			};
			name = Debug;
		};
		H203 /* Release */ = {
			isa = XCBuildConfiguration;
			buildSettings = {
				ASSETCATALOG_COMPILER_APPICON_NAME = AppIcon;
				ASSETCATALOG_COMPILER_GLOBAL_ACCENT_COLOR_NAME = AccentColor;
				CODE_SIGN_STYLE = Automatic;
				COMBINE_HIDPI_IMAGES = YES;
				CURRENT_PROJECT_VERSION = 1;
				DEVELOPMENT_ASSET_PATHS = "";
				ENABLE_PREVIEWS = YES;
				GENERATE_INFOPLIST_FILE = YES;
				INFOPLIST_KEY_CFBundleDisplayName = "LineDog Rest";
				INFOPLIST_KEY_LSApplicationCategoryType = "public.app-category.healthcare-fitness";
				INFOPLIST_KEY_LSUIElement = YES;
				INFOPLIST_KEY_NSHumanReadableCopyright = "";
				INFOPLIST_KEY_NSRemindersUsageDescription = "LineDog 仅在您选择的列表中读取与勾选今日待办，与系统「提醒事项」同步。";
				LD_RUNPATH_SEARCH_PATHS = (
					"$(inherited)",
					"@executable_path/../Frameworks",
				);
				MARKETING_VERSION = 1.0;
				PRODUCT_BUNDLE_IDENTIFIER = com.linedog.LineDog;
				PRODUCT_NAME = "$(TARGET_NAME)";
				SWIFT_EMIT_LOC_STRINGS = YES;
				SWIFT_STRICT_CONCURRENCY = complete;
				SWIFT_VERSION = 5.0;
			};
			name = Release;
		};
		H204 /* Debug */ = {
			isa = XCBuildConfiguration;
			buildSettings = {
				BUNDLE_LOADER = "$(TEST_HOST)";
				CODE_SIGN_STYLE = Automatic;
				CURRENT_PROJECT_VERSION = 1;
				GENERATE_INFOPLIST_FILE = YES;
				LD_RUNPATH_SEARCH_PATHS = (
					"$(inherited)",
					"@executable_path/../Frameworks",
					"@loader_path/../Frameworks",
				);
				MACOSX_DEPLOYMENT_TARGET = 13.0;
				MARKETING_VERSION = 1.0;
				PRODUCT_BUNDLE_IDENTIFIER = com.linedog.LineDogTests;
				PRODUCT_NAME = "$(TARGET_NAME)";
				SWIFT_EMIT_LOC_STRINGS = NO;
				SWIFT_STRICT_CONCURRENCY = complete;
				SWIFT_VERSION = 5.0;
				TEST_HOST = "$(BUILT_PRODUCTS_DIR)/LineDog.app/Contents/MacOS/LineDog";
			};
			name = Debug;
		};
		H205 /* Release */ = {
			isa = XCBuildConfiguration;
			buildSettings = {
				BUNDLE_LOADER = "$(TEST_HOST)";
				CODE_SIGN_STYLE = Automatic;
				CURRENT_PROJECT_VERSION = 1;
				GENERATE_INFOPLIST_FILE = YES;
				LD_RUNPATH_SEARCH_PATHS = (
					"$(inherited)",
					"@executable_path/../Frameworks",
					"@loader_path/../Frameworks",
				);
				MACOSX_DEPLOYMENT_TARGET = 13.0;
				MARKETING_VERSION = 1.0;
				PRODUCT_BUNDLE_IDENTIFIER = com.linedog.LineDogTests;
				PRODUCT_NAME = "$(TARGET_NAME)";
				SWIFT_EMIT_LOC_STRINGS = NO;
				SWIFT_STRICT_CONCURRENCY = complete;
				SWIFT_VERSION = 5.0;
				TEST_HOST = "$(BUILT_PRODUCTS_DIR)/LineDog.app/Contents/MacOS/LineDog";
			};
			name = Release;
		};
/* End XCBuildConfiguration section */

/* Begin XCConfigurationList section */
		G201 /* Build configuration list for PBXProject "LineDog" */ = {
			isa = XCConfigurationList;
			buildConfigurations = (
				H200 /* Debug */,
				H201 /* Release */,
			);
			defaultConfigurationIsVisible = 0;
			defaultConfigurationName = Release;
		};
		F201 /* Build configuration list for PBXNativeTarget "LineDog" */ = {
			isa = XCConfigurationList;
			buildConfigurations = (
				H202 /* Debug */,
				H203 /* Release */,
			);
			defaultConfigurationIsVisible = 0;
			defaultConfigurationName = Release;
		};
		F305 /* Build configuration list for PBXNativeTarget "LineDogTests" */ = {
			isa = XCConfigurationList;
			buildConfigurations = (
				H204 /* Debug */,
				H205 /* Release */,
			);
			defaultConfigurationIsVisible = 0;
			defaultConfigurationName = Debug;
		};
/* End XCConfigurationList section */
	};
	rootObject = G200 /* Project object */;
}
