// !$*UTF8*$!
{
	archiveVersion = 1;
	classes = {
	};
	objectVersion = 56;
	objects = {

/* Begin PBXBuildFile section */
		A201 /* MalDazeApp.swift in Sources */ = {isa = PBXBuildFile; fileRef = B201 /* MalDazeApp.swift */; };
		A202 /* AppViewModel.swift in Sources */ = {isa = PBXBuildFile; fileRef = B202 /* AppViewModel.swift */; };
		A203 /* DashboardRootView.swift in Sources */ = {isa = PBXBuildFile; fileRef = B203 /* DashboardRootView.swift */; };
		A204 /* TimeState.swift in Sources */ = {isa = PBXBuildFile; fileRef = B204 /* TimeState.swift */; };
		A205 /* TimerEngine.swift in Sources */ = {isa = PBXBuildFile; fileRef = B205 /* TimerEngine.swift */; };
		A206 /* ManualTimerEngine.swift in Sources */ = {isa = PBXBuildFile; fileRef = B206 /* ManualTimerEngine.swift */; };
		A207 /* AutoTimerEngine.swift in Sources */ = {isa = PBXBuildFile; fileRef = B207 /* AutoTimerEngine.swift */; };
		A208 /* PetRenderer.swift in Sources */ = {isa = PBXBuildFile; fileRef = B208 /* PetRenderer.swift */; };
		A20A /* WindowManager.swift in Sources */ = {isa = PBXBuildFile; fileRef = B20A /* WindowManager.swift */; };
		A2BC /* BreakRunController.swift in Sources */ = {isa = PBXBuildFile; fileRef = B2BC /* BreakRunController.swift */; };
		A20B /* Assets.xcassets in Resources */ = {isa = PBXBuildFile; fileRef = B20B /* Assets.xcassets */; };
		A240 /* LineDog in Resources */ = {isa = PBXBuildFile; fileRef = B240 /* LineDog */; };
		A20D /* PetStageView.swift in Sources */ = {isa = PBXBuildFile; fileRef = B20D /* PetStageView.swift */; };
		A20E /* PetDisplayMode.swift in Sources */ = {isa = PBXBuildFile; fileRef = B20E /* PetDisplayMode.swift */; };
		A20F /* MenuBarDogLabel.swift in Sources */ = {isa = PBXBuildFile; fileRef = B20F /* MenuBarDogLabel.swift */; };
		A210 /* MalDazeAppDelegate.swift in Sources */ = {isa = PBXBuildFile; fileRef = B210 /* MalDazeAppDelegate.swift */; };
		A211 /* MenuBarNSScreen.swift in Sources */ = {isa = PBXBuildFile; fileRef = B211 /* MenuBarNSScreen.swift */; };
		A212 /* SevenMinuteReminderController.swift in Sources */ = {isa = PBXBuildFile; fileRef = B212 /* SevenMinuteReminderController.swift */; };
		A213 /* MalDazeBroadcastNotifications.swift in Sources */ = {isa = PBXBuildFile; fileRef = B213 /* MalDazeBroadcastNotifications.swift */; };
		A214 /* FiveMinuteCatCompanionController.swift in Sources */ = {isa = PBXBuildFile; fileRef = B214 /* FiveMinuteCatCompanionController.swift */; };
		A23C /* HydrationReminderController.swift in Sources */ = {isa = PBXBuildFile; fileRef = B23C /* HydrationReminderController.swift */; };
		A215 /* ReminderDisplayItem.swift in Sources */ = {isa = PBXBuildFile; fileRef = B215 /* ReminderDisplayItem.swift */; };
		A216 /* RemindersCalendarDescriptor.swift in Sources */ = {isa = PBXBuildFile; fileRef = B216 /* RemindersCalendarDescriptor.swift */; };
		A217 /* RemindersSelectedListPreference.swift in Sources */ = {isa = PBXBuildFile; fileRef = B217 /* RemindersSelectedListPreference.swift */; };
		A218 /* RemindersEventStoreBacking.swift in Sources */ = {isa = PBXBuildFile; fileRef = B218 /* RemindersEventStoreBacking.swift */; };
		A219 /* RemindersSyncCoordinator.swift in Sources */ = {isa = PBXBuildFile; fileRef = B219 /* RemindersSyncCoordinator.swift */; };
		A21A /* EventKitRemindersBacking.swift in Sources */ = {isa = PBXBuildFile; fileRef = B21A /* EventKitRemindersBacking.swift */; };
		A21B /* DeskRemindersModel.swift in Sources */ = {isa = PBXBuildFile; fileRef = B21B /* DeskRemindersModel.swift */; };
		A21C /* ReminderEditDetail.swift in Sources */ = {isa = PBXBuildFile; fileRef = B21C /* ReminderEditDetail.swift */; };
		A21D /* DeskReminderEditSheet.swift in Sources */ = {isa = PBXBuildFile; fileRef = B21D /* DeskReminderEditSheet.swift */; };
		A220 /* LLMReminderJSONPayload.swift in Sources */ = {isa = PBXBuildFile; fileRef = B220 /* LLMReminderJSONPayload.swift */; };
		A221 /* ReminderMutationServing.swift in Sources */ = {isa = PBXBuildFile; fileRef = B221 /* ReminderMutationServing.swift */; };
		A222 /* SmartReminderPromptBuilder.swift in Sources */ = {isa = PBXBuildFile; fileRef = B222 /* SmartReminderPromptBuilder.swift */; };
		A223 /* EventKitReminderMutationService.swift in Sources */ = {isa = PBXBuildFile; fileRef = B223 /* EventKitReminderMutationService.swift */; };
		A224 /* GeminiRemindersAPIClient.swift in Sources */ = {isa = PBXBuildFile; fileRef = B224 /* GeminiRemindersAPIClient.swift */; };
		A238 /* MalDazeGeminiModelCatalog.swift in Sources */ = {isa = PBXBuildFile; fileRef = B238 /* MalDazeGeminiModelCatalog.swift */; };
		A225 /* SmartReminderOrchestrator.swift in Sources */ = {isa = PBXBuildFile; fileRef = B225 /* SmartReminderOrchestrator.swift */; };
		A237 /* SmartReminderInferredTime.swift in Sources */ = {isa = PBXBuildFile; fileRef = B237 /* SmartReminderInferredTime.swift */; };
		A226 /* SmartReminderUIPanels.swift in Sources */ = {isa = PBXBuildFile; fileRef = B226 /* SmartReminderUIPanels.swift */; };
		A227 /* MalDazeDefaults.swift in Sources */ = {isa = PBXBuildFile; fileRef = B227 /* MalDazeDefaults.swift */; };
		A228 /* MalDazeSettingsView.swift in Sources */ = {isa = PBXBuildFile; fileRef = B228 /* MalDazeSettingsView.swift */; };
		A229 /* MalDazePresentationAnchor.swift in Sources */ = {isa = PBXBuildFile; fileRef = B229 /* MalDazePresentationAnchor.swift */; };
		A230 /* SmartReminderNotesComposer.swift in Sources */ = {isa = PBXBuildFile; fileRef = B230 /* SmartReminderNotesComposer.swift */; };
		A231 /* DeskReminderSidebarFormatting.swift in Sources */ = {isa = PBXBuildFile; fileRef = B231 /* DeskReminderSidebarFormatting.swift */; };
		A232 /* SmartReminderModelDebugLog.swift in Sources */ = {isa = PBXBuildFile; fileRef = B232 /* SmartReminderModelDebugLog.swift */; };
		A233 /* DeskPetMenuShortcut.swift in Sources */ = {isa = PBXBuildFile; fileRef = B233 /* DeskPetMenuShortcut.swift */; };
		A234 /* MalDazeCarbonGlobalHotKeys.swift in Sources */ = {isa = PBXBuildFile; fileRef = B234 /* MalDazeCarbonGlobalHotKeys.swift */; };
		A236 /* SmartReminderInputShortcut.swift in Sources */ = {isa = PBXBuildFile; fileRef = B236 /* SmartReminderInputShortcut.swift */; };
		A239 /* SevenMinuteReminderShortcut.swift in Sources */ = {isa = PBXBuildFile; fileRef = B239 /* SevenMinuteReminderShortcut.swift */; };
		A23A /* ResetIdlePetPositionShortcut.swift in Sources */ = {isa = PBXBuildFile; fileRef = B23A /* ResetIdlePetPositionShortcut.swift */; };
		A23B /* MalDazeDockIcon.swift in Sources */ = {isa = PBXBuildFile; fileRef = B23B /* MalDazeDockIcon.swift */; };
		A235 /* Carbon.framework in Frameworks */ = {isa = PBXBuildFile; fileRef = B235 /* Carbon.framework */; };
		A250 /* T7EjectResult.swift in Sources */ = {isa = PBXBuildFile; fileRef = B250 /* T7EjectResult.swift */; };
		A251 /* T7EjectResult.swift in Sources */ = {isa = PBXBuildFile; fileRef = B250 /* T7EjectResult.swift */; };
		A252 /* main.swift in Sources */ = {isa = PBXBuildFile; fileRef = B251 /* main.swift */; };
		A253 /* DiskArbitration.framework in Frameworks */ = {isa = PBXBuildFile; fileRef = B253 /* DiskArbitration.framework */; };
		A254 /* IOKit.framework in Frameworks */ = {isa = PBXBuildFile; fileRef = B254 /* IOKit.framework */; };
		A255 /* T7EjectHelper in CopyFiles */ = {isa = PBXBuildFile; fileRef = C250 /* T7EjectHelper */; settings = {ATTRIBUTES = (CodeSignOnCopy, ); }; };
		A256 /* T7TargetResolver.swift in Sources */ = {isa = PBXBuildFile; fileRef = B256 /* T7TargetResolver.swift */; };
		A257 /* T7TargetResolver.swift in Sources */ = {isa = PBXBuildFile; fileRef = B256 /* T7TargetResolver.swift */; };
		A258 /* T7TimeMachineController.swift in Sources */ = {isa = PBXBuildFile; fileRef = B258 /* T7TimeMachineController.swift */; };
		A259 /* T7TimeMachineController.swift in Sources */ = {isa = PBXBuildFile; fileRef = B258 /* T7TimeMachineController.swift */; };
		A25A /* T7DiskArbitrationEjector.swift in Sources */ = {isa = PBXBuildFile; fileRef = B25A /* T7DiskArbitrationEjector.swift */; };
		A25B /* T7DiskArbitrationEjector.swift in Sources */ = {isa = PBXBuildFile; fileRef = B25A /* T7DiskArbitrationEjector.swift */; };
		A25C /* DiskArbitration.framework in Frameworks */ = {isa = PBXBuildFile; fileRef = B253 /* DiskArbitration.framework */; };
		A25D /* T7EjectHelperRunner.swift in Sources */ = {isa = PBXBuildFile; fileRef = B25D /* T7EjectHelperRunner.swift */; };
		A25E /* T7EjectHelperRunner.swift in Sources */ = {isa = PBXBuildFile; fileRef = B25D /* T7EjectHelperRunner.swift */; };
		A25F /* T7DiskUtilInventoryProvider.swift in Sources */ = {isa = PBXBuildFile; fileRef = B25E /* T7DiskUtilInventoryProvider.swift */; };
		A260 /* T7DiskUtilInventoryProvider.swift in Sources */ = {isa = PBXBuildFile; fileRef = B25E /* T7DiskUtilInventoryProvider.swift */; };
		A261 /* T7EjectService.swift in Sources */ = {isa = PBXBuildFile; fileRef = B261 /* T7EjectService.swift */; };
		A301 /* MockWindowManager.swift in Sources */ = {isa = PBXBuildFile; fileRef = B301 /* MockWindowManager.swift */; };
		A302 /* MalDazeInteractionTests.swift in Sources */ = {isa = PBXBuildFile; fileRef = B302 /* MalDazeInteractionTests.swift */; };
		A303 /* MockRemindersEventStoreBacking.swift in Sources */ = {isa = PBXBuildFile; fileRef = B303 /* MockRemindersEventStoreBacking.swift */; };
		A304 /* RemindersSyncCoordinatorTests.swift in Sources */ = {isa = PBXBuildFile; fileRef = B304 /* RemindersSyncCoordinatorTests.swift */; };
		A305 /* SmartReminderOrchestratorTests.swift in Sources */ = {isa = PBXBuildFile; fileRef = B305 /* SmartReminderOrchestratorTests.swift */; };
		A306 /* SmartReminderNotesComposerTests.swift in Sources */ = {isa = PBXBuildFile; fileRef = B306 /* SmartReminderNotesComposerTests.swift */; };
		A307 /* DeskReminderTimeFormatterTests.swift in Sources */ = {isa = PBXBuildFile; fileRef = B307 /* DeskReminderTimeFormatterTests.swift */; };
		A308 /* DeskReminderSidebarMergerTests.swift in Sources */ = {isa = PBXBuildFile; fileRef = B308 /* DeskReminderSidebarMergerTests.swift */; };
		A309 /* ControlPanelPresentationTests.swift in Sources */ = {isa = PBXBuildFile; fileRef = B309 /* ControlPanelPresentationTests.swift */; };
		A311 /* PetRendererTests.swift in Sources */ = {isa = PBXBuildFile; fileRef = B311 /* PetRendererTests.swift */; };
		A313 /* T7EjectHelperTests.swift in Sources */ = {isa = PBXBuildFile; fileRef = B313 /* T7EjectHelperTests.swift */; };
		A314 /* T7TargetResolverTests.swift in Sources */ = {isa = PBXBuildFile; fileRef = B314 /* T7TargetResolverTests.swift */; };
		A315 /* T7TimeMachineControllerTests.swift in Sources */ = {isa = PBXBuildFile; fileRef = B315 /* T7TimeMachineControllerTests.swift */; };
		A316 /* T7DiskArbitrationEjectorTests.swift in Sources */ = {isa = PBXBuildFile; fileRef = B316 /* T7DiskArbitrationEjectorTests.swift */; };
		A317 /* T7EjectHelperRunnerTests.swift in Sources */ = {isa = PBXBuildFile; fileRef = B317 /* T7EjectHelperRunnerTests.swift */; };
		A318 /* T7EjectServiceTests.swift in Sources */ = {isa = PBXBuildFile; fileRef = B318 /* T7EjectServiceTests.swift */; };
/* End PBXBuildFile section */

	/* Begin PBXContainerItemProxy section */
		J250 /* PBXContainerItemProxy */ = {
			isa = PBXContainerItemProxy;
			containerPortal = G200 /* Project object */;
			proxyType = 1;
			remoteGlobalIDString = F250;
			remoteInfo = T7EjectHelper;
		};
		J302 /* PBXContainerItemProxy */ = {
			isa = PBXContainerItemProxy;
			containerPortal = G200 /* Project object */;
			proxyType = 1;
			remoteGlobalIDString = F200;
			remoteInfo = MalDaze;
		};
/* End PBXContainerItemProxy section */

/* Begin PBXFileReference section */
		B201 /* MalDazeApp.swift */ = {isa = PBXFileReference; lastKnownFileType = sourcecode.swift; path = MalDazeApp.swift; sourceTree = "<group>"; };
		B202 /* AppViewModel.swift */ = {isa = PBXFileReference; lastKnownFileType = sourcecode.swift; path = AppViewModel.swift; sourceTree = "<group>"; };
		B203 /* DashboardRootView.swift */ = {isa = PBXFileReference; lastKnownFileType = sourcecode.swift; path = DashboardRootView.swift; sourceTree = "<group>"; };
		B204 /* TimeState.swift */ = {isa = PBXFileReference; lastKnownFileType = sourcecode.swift; path = TimeState.swift; sourceTree = "<group>"; };
		B205 /* TimerEngine.swift */ = {isa = PBXFileReference; lastKnownFileType = sourcecode.swift; path = TimerEngine.swift; sourceTree = "<group>"; };
		B206 /* ManualTimerEngine.swift */ = {isa = PBXFileReference; lastKnownFileType = sourcecode.swift; path = ManualTimerEngine.swift; sourceTree = "<group>"; };
		B207 /* AutoTimerEngine.swift */ = {isa = PBXFileReference; lastKnownFileType = sourcecode.swift; path = AutoTimerEngine.swift; sourceTree = "<group>"; };
		B208 /* PetRenderer.swift */ = {isa = PBXFileReference; lastKnownFileType = sourcecode.swift; path = PetRenderer.swift; sourceTree = "<group>"; };
		B20A /* WindowManager.swift */ = {isa = PBXFileReference; lastKnownFileType = sourcecode.swift; path = WindowManager.swift; sourceTree = "<group>"; };
		B2BC /* BreakRunController.swift */ = {isa = PBXFileReference; lastKnownFileType = sourcecode.swift; path = BreakRunController.swift; sourceTree = "<group>"; };
		B20B /* Assets.xcassets */ = {isa = PBXFileReference; lastKnownFileType = folder.assetcatalog; path = Assets.xcassets; sourceTree = "<group>"; };
		B20D /* PetStageView.swift */ = {isa = PBXFileReference; lastKnownFileType = sourcecode.swift; path = PetStageView.swift; sourceTree = "<group>"; };
		B20E /* PetDisplayMode.swift */ = {isa = PBXFileReference; lastKnownFileType = sourcecode.swift; path = PetDisplayMode.swift; sourceTree = "<group>"; };
		B20F /* MenuBarDogLabel.swift */ = {isa = PBXFileReference; lastKnownFileType = sourcecode.swift; path = MenuBarDogLabel.swift; sourceTree = "<group>"; };
		B210 /* MalDazeAppDelegate.swift */ = {isa = PBXFileReference; lastKnownFileType = sourcecode.swift; path = MalDazeAppDelegate.swift; sourceTree = "<group>"; };
		B211 /* MenuBarNSScreen.swift */ = {isa = PBXFileReference; lastKnownFileType = sourcecode.swift; path = MenuBarNSScreen.swift; sourceTree = "<group>"; };
		B212 /* SevenMinuteReminderController.swift */ = {isa = PBXFileReference; lastKnownFileType = sourcecode.swift; path = SevenMinuteReminderController.swift; sourceTree = "<group>"; };
		B213 /* MalDazeBroadcastNotifications.swift */ = {isa = PBXFileReference; lastKnownFileType = sourcecode.swift; path = MalDazeBroadcastNotifications.swift; sourceTree = "<group>"; };
		B214 /* FiveMinuteCatCompanionController.swift */ = {isa = PBXFileReference; lastKnownFileType = sourcecode.swift; path = FiveMinuteCatCompanionController.swift; sourceTree = "<group>"; };
		B23C /* HydrationReminderController.swift */ = {isa = PBXFileReference; lastKnownFileType = sourcecode.swift; path = HydrationReminderController.swift; sourceTree = "<group>"; };
		B215 /* ReminderDisplayItem.swift */ = {isa = PBXFileReference; lastKnownFileType = sourcecode.swift; path = ReminderDisplayItem.swift; sourceTree = "<group>"; };
		B216 /* RemindersCalendarDescriptor.swift */ = {isa = PBXFileReference; lastKnownFileType = sourcecode.swift; path = RemindersCalendarDescriptor.swift; sourceTree = "<group>"; };
		B217 /* RemindersSelectedListPreference.swift */ = {isa = PBXFileReference; lastKnownFileType = sourcecode.swift; path = RemindersSelectedListPreference.swift; sourceTree = "<group>"; };
		B218 /* RemindersEventStoreBacking.swift */ = {isa = PBXFileReference; lastKnownFileType = sourcecode.swift; path = RemindersEventStoreBacking.swift; sourceTree = "<group>"; };
		B219 /* RemindersSyncCoordinator.swift */ = {isa = PBXFileReference; lastKnownFileType = sourcecode.swift; path = RemindersSyncCoordinator.swift; sourceTree = "<group>"; };
		B21A /* EventKitRemindersBacking.swift */ = {isa = PBXFileReference; lastKnownFileType = sourcecode.swift; path = EventKitRemindersBacking.swift; sourceTree = "<group>"; };
		B21B /* DeskRemindersModel.swift */ = {isa = PBXFileReference; lastKnownFileType = sourcecode.swift; path = DeskRemindersModel.swift; sourceTree = "<group>"; };
		B21C /* ReminderEditDetail.swift */ = {isa = PBXFileReference; lastKnownFileType = sourcecode.swift; path = ReminderEditDetail.swift; sourceTree = "<group>"; };
		B21D /* DeskReminderEditSheet.swift */ = {isa = PBXFileReference; lastKnownFileType = sourcecode.swift; path = DeskReminderEditSheet.swift; sourceTree = "<group>"; };
		B220 /* LLMReminderJSONPayload.swift */ = {isa = PBXFileReference; lastKnownFileType = sourcecode.swift; path = LLMReminderJSONPayload.swift; sourceTree = "<group>"; };
		B221 /* ReminderMutationServing.swift */ = {isa = PBXFileReference; lastKnownFileType = sourcecode.swift; path = ReminderMutationServing.swift; sourceTree = "<group>"; };
		B222 /* SmartReminderPromptBuilder.swift */ = {isa = PBXFileReference; lastKnownFileType = sourcecode.swift; path = SmartReminderPromptBuilder.swift; sourceTree = "<group>"; };
		B223 /* EventKitReminderMutationService.swift */ = {isa = PBXFileReference; lastKnownFileType = sourcecode.swift; path = EventKitReminderMutationService.swift; sourceTree = "<group>"; };
		B224 /* GeminiRemindersAPIClient.swift */ = {isa = PBXFileReference; lastKnownFileType = sourcecode.swift; path = GeminiRemindersAPIClient.swift; sourceTree = "<group>"; };
		B238 /* MalDazeGeminiModelCatalog.swift */ = {isa = PBXFileReference; lastKnownFileType = sourcecode.swift; path = MalDazeGeminiModelCatalog.swift; sourceTree = "<group>"; };
		B225 /* SmartReminderOrchestrator.swift */ = {isa = PBXFileReference; lastKnownFileType = sourcecode.swift; path = SmartReminderOrchestrator.swift; sourceTree = "<group>"; };
		B237 /* SmartReminderInferredTime.swift */ = {isa = PBXFileReference; lastKnownFileType = sourcecode.swift; path = SmartReminderInferredTime.swift; sourceTree = "<group>"; };
		B226 /* SmartReminderUIPanels.swift */ = {isa = PBXFileReference; lastKnownFileType = sourcecode.swift; path = SmartReminderUIPanels.swift; sourceTree = "<group>"; };
		B227 /* MalDazeDefaults.swift */ = {isa = PBXFileReference; lastKnownFileType = sourcecode.swift; path = MalDazeDefaults.swift; sourceTree = "<group>"; };
		B228 /* MalDazeSettingsView.swift */ = {isa = PBXFileReference; lastKnownFileType = sourcecode.swift; path = MalDazeSettingsView.swift; sourceTree = "<group>"; };
		B229 /* MalDazePresentationAnchor.swift */ = {isa = PBXFileReference; lastKnownFileType = sourcecode.swift; path = MalDazePresentationAnchor.swift; sourceTree = "<group>"; };
		B230 /* SmartReminderNotesComposer.swift */ = {isa = PBXFileReference; lastKnownFileType = sourcecode.swift; path = SmartReminderNotesComposer.swift; sourceTree = "<group>"; };
		B231 /* DeskReminderSidebarFormatting.swift */ = {isa = PBXFileReference; lastKnownFileType = sourcecode.swift; path = DeskReminderSidebarFormatting.swift; sourceTree = "<group>"; };
		B232 /* SmartReminderModelDebugLog.swift */ = {isa = PBXFileReference; lastKnownFileType = sourcecode.swift; path = SmartReminderModelDebugLog.swift; sourceTree = "<group>"; };
		B233 /* DeskPetMenuShortcut.swift */ = {isa = PBXFileReference; lastKnownFileType = sourcecode.swift; path = DeskPetMenuShortcut.swift; sourceTree = "<group>"; };
		B234 /* MalDazeCarbonGlobalHotKeys.swift */ = {isa = PBXFileReference; lastKnownFileType = sourcecode.swift; path = MalDazeCarbonGlobalHotKeys.swift; sourceTree = "<group>"; };
		B236 /* SmartReminderInputShortcut.swift */ = {isa = PBXFileReference; lastKnownFileType = sourcecode.swift; path = SmartReminderInputShortcut.swift; sourceTree = "<group>"; };
		B239 /* SevenMinuteReminderShortcut.swift */ = {isa = PBXFileReference; lastKnownFileType = sourcecode.swift; path = SevenMinuteReminderShortcut.swift; sourceTree = "<group>"; };
		B23A /* ResetIdlePetPositionShortcut.swift */ = {isa = PBXFileReference; lastKnownFileType = sourcecode.swift; path = ResetIdlePetPositionShortcut.swift; sourceTree = "<group>"; };
		B23B /* MalDazeDockIcon.swift */ = {isa = PBXFileReference; lastKnownFileType = sourcecode.swift; path = MalDazeDockIcon.swift; sourceTree = "<group>"; };
		B301 /* MockWindowManager.swift */ = {isa = PBXFileReference; lastKnownFileType = sourcecode.swift; path = MockWindowManager.swift; sourceTree = "<group>"; };
		B302 /* MalDazeInteractionTests.swift */ = {isa = PBXFileReference; lastKnownFileType = sourcecode.swift; path = MalDazeInteractionTests.swift; sourceTree = "<group>"; };
		B303 /* MockRemindersEventStoreBacking.swift */ = {isa = PBXFileReference; lastKnownFileType = sourcecode.swift; path = MockRemindersEventStoreBacking.swift; sourceTree = "<group>"; };
		B304 /* RemindersSyncCoordinatorTests.swift */ = {isa = PBXFileReference; lastKnownFileType = sourcecode.swift; path = RemindersSyncCoordinatorTests.swift; sourceTree = "<group>"; };
		B305 /* SmartReminderOrchestratorTests.swift */ = {isa = PBXFileReference; lastKnownFileType = sourcecode.swift; path = SmartReminderOrchestratorTests.swift; sourceTree = "<group>"; };
		B306 /* SmartReminderNotesComposerTests.swift */ = {isa = PBXFileReference; lastKnownFileType = sourcecode.swift; path = SmartReminderNotesComposerTests.swift; sourceTree = "<group>"; };
		B307 /* DeskReminderTimeFormatterTests.swift */ = {isa = PBXFileReference; lastKnownFileType = sourcecode.swift; path = DeskReminderTimeFormatterTests.swift; sourceTree = "<group>"; };
		B308 /* DeskReminderSidebarMergerTests.swift */ = {isa = PBXFileReference; lastKnownFileType = sourcecode.swift; path = DeskReminderSidebarMergerTests.swift; sourceTree = "<group>"; };
		B309 /* ControlPanelPresentationTests.swift */ = {isa = PBXFileReference; lastKnownFileType = sourcecode.swift; path = ControlPanelPresentationTests.swift; sourceTree = "<group>"; };
		C200 /* MalDaze.app */ = {isa = PBXFileReference; explicitFileType = wrapper.application; includeInIndex = 0; path = MalDaze.app; sourceTree = BUILT_PRODUCTS_DIR; };
		C301 /* MalDazeTests.xctest */ = {isa = PBXFileReference; explicitFileType = wrapper.cfbundle; includeInIndex = 0; path = MalDazeTests.xctest; sourceTree = BUILT_PRODUCTS_DIR; };
		B235 /* Carbon.framework */ = {isa = PBXFileReference; lastKnownFileType = wrapper.framework; name = Carbon.framework; path = System/Library/Frameworks/Carbon.framework; sourceTree = SDKROOT; };
		B240 /* LineDog */ = {isa = PBXFileReference; lastKnownFileType = folder; path = LineDog; sourceTree = "<group>"; };
		B250 /* T7EjectResult.swift */ = {isa = PBXFileReference; lastKnownFileType = sourcecode.swift; path = T7EjectResult.swift; sourceTree = "<group>"; };
		B251 /* main.swift */ = {isa = PBXFileReference; lastKnownFileType = sourcecode.swift; path = main.swift; sourceTree = "<group>"; };
		B253 /* DiskArbitration.framework */ = {isa = PBXFileReference; lastKnownFileType = wrapper.framework; name = DiskArbitration.framework; path = System/Library/Frameworks/DiskArbitration.framework; sourceTree = SDKROOT; };
		B254 /* IOKit.framework */ = {isa = PBXFileReference; lastKnownFileType = wrapper.framework; name = IOKit.framework; path = System/Library/Frameworks/IOKit.framework; sourceTree = SDKROOT; };
		C250 /* T7EjectHelper */ = {isa = PBXFileReference; explicitFileType = "compiled.mach-o.executable"; includeInIndex = 0; path = T7EjectHelper; sourceTree = BUILT_PRODUCTS_DIR; };
		B256 /* T7TargetResolver.swift */ = {isa = PBXFileReference; lastKnownFileType = sourcecode.swift; path = T7TargetResolver.swift; sourceTree = "<group>"; };
		B258 /* T7TimeMachineController.swift */ = {isa = PBXFileReference; lastKnownFileType = sourcecode.swift; path = T7TimeMachineController.swift; sourceTree = "<group>"; };
		B25A /* T7DiskArbitrationEjector.swift */ = {isa = PBXFileReference; lastKnownFileType = sourcecode.swift; path = T7DiskArbitrationEjector.swift; sourceTree = "<group>"; };
		B25D /* T7EjectHelperRunner.swift */ = {isa = PBXFileReference; lastKnownFileType = sourcecode.swift; path = T7EjectHelperRunner.swift; sourceTree = "<group>"; };
		B25E /* T7DiskUtilInventoryProvider.swift */ = {isa = PBXFileReference; lastKnownFileType = sourcecode.swift; path = T7DiskUtilInventoryProvider.swift; sourceTree = "<group>"; };
		B261 /* T7EjectService.swift */ = {isa = PBXFileReference; lastKnownFileType = sourcecode.swift; path = T7EjectService.swift; sourceTree = "<group>"; };
		B311 /* PetRendererTests.swift */ = {isa = PBXFileReference; lastKnownFileType = sourcecode.swift; path = PetRendererTests.swift; sourceTree = "<group>"; };
		B313 /* T7EjectHelperTests.swift */ = {isa = PBXFileReference; lastKnownFileType = sourcecode.swift; path = T7EjectHelperTests.swift; sourceTree = "<group>"; };
		B314 /* T7TargetResolverTests.swift */ = {isa = PBXFileReference; lastKnownFileType = sourcecode.swift; path = T7TargetResolverTests.swift; sourceTree = "<group>"; };
		B315 /* T7TimeMachineControllerTests.swift */ = {isa = PBXFileReference; lastKnownFileType = sourcecode.swift; path = T7TimeMachineControllerTests.swift; sourceTree = "<group>"; };
		B316 /* T7DiskArbitrationEjectorTests.swift */ = {isa = PBXFileReference; lastKnownFileType = sourcecode.swift; path = T7DiskArbitrationEjectorTests.swift; sourceTree = "<group>"; };
		B317 /* T7EjectHelperRunnerTests.swift */ = {isa = PBXFileReference; lastKnownFileType = sourcecode.swift; path = T7EjectHelperRunnerTests.swift; sourceTree = "<group>"; };
		B318 /* T7EjectServiceTests.swift */ = {isa = PBXFileReference; lastKnownFileType = sourcecode.swift; path = T7EjectServiceTests.swift; sourceTree = "<group>"; };
	/* End PBXFileReference section */

/* Begin PBXCopyFilesBuildPhase section */
		D252 /* Copy T7EjectHelper */ = {
			isa = PBXCopyFilesBuildPhase;
			buildActionMask = 2147483647;
			dstPath = "";
			dstSubfolderSpec = 6;
			files = (
				A255 /* T7EjectHelper in CopyFiles */,
			);
			name = "Copy T7EjectHelper";
			runOnlyForDeploymentPostprocessing = 0;
		};
/* End PBXCopyFilesBuildPhase section */

/* Begin PBXFrameworksBuildPhase section */
		D200 /* Frameworks */ = {
			isa = PBXFrameworksBuildPhase;
			buildActionMask = 2147483647;
			files = (
				A235 /* Carbon.framework in Frameworks */,
				A25C /* DiskArbitration.framework in Frameworks */,
				);
				runOnlyForDeploymentPostprocessing = 0;
			};
		D250 /* Frameworks */ = {
			isa = PBXFrameworksBuildPhase;
			buildActionMask = 2147483647;
			files = (
				A253 /* DiskArbitration.framework in Frameworks */,
				A254 /* IOKit.framework in Frameworks */,
			);
			runOnlyForDeploymentPostprocessing = 0;
		};
		F303 /* Frameworks */ = {
			isa = PBXFrameworksBuildPhase;
			buildActionMask = 2147483647;
			files = (
			);
			runOnlyForDeploymentPostprocessing = 0;
		};
/* End PBXFrameworksBuildPhase section */

/* Begin PBXGroup section */
		E200 = {
			isa = PBXGroup;
			children = (
				E201 /* MalDaze */,
				E20F /* T7EjectHelper */,
				E206 /* MalDazeTests */,
				E202 /* Products */,
			);
			sourceTree = "<group>";
		};
		E201 /* MalDaze */ = {
			isa = PBXGroup;
			children = (
				B201 /* MalDazeApp.swift */,
				B210 /* MalDazeAppDelegate.swift */,
				B202 /* AppViewModel.swift */,
				B203 /* DashboardRootView.swift */,
				B20F /* MenuBarDogLabel.swift */,
				B20E /* PetDisplayMode.swift */,
				B213 /* MalDazeBroadcastNotifications.swift */,
				E203 /* TimerEngine */,
				E204 /* PetRenderer */,
				E205 /* WindowManager */,
				E207 /* SevenMinuteReminder */,
				E208 /* FiveMinuteCat */,
				E20C /* HydrationReminder */,
				E209 /* Reminders */,
				E20A /* SmartReminder */,
				E20E /* T7Eject */,
				E20B /* Settings */,
				B227 /* MalDazeDefaults.swift */,
				B233 /* DeskPetMenuShortcut.swift */,
				B234 /* MalDazeCarbonGlobalHotKeys.swift */,
				B236 /* SmartReminderInputShortcut.swift */,
				B239 /* SevenMinuteReminderShortcut.swift */,
				B23A /* ResetIdlePetPositionShortcut.swift */,
				B23B /* MalDazeDockIcon.swift */,
				B229 /* MalDazePresentationAnchor.swift */,
				B20B /* Assets.xcassets */,
				B240 /* LineDog */,
			);
			path = MalDaze;
			sourceTree = "<group>";
		};
		E202 /* Products */ = {
			isa = PBXGroup;
			children = (
				C200 /* MalDaze.app */,
				C250 /* T7EjectHelper */,
				C301 /* MalDazeTests.xctest */,
			);
			name = Products;
			sourceTree = "<group>";
		};
		E203 /* TimerEngine */ = {
			isa = PBXGroup;
			children = (
				B204 /* TimeState.swift */,
				B205 /* TimerEngine.swift */,
				B206 /* ManualTimerEngine.swift */,
				B207 /* AutoTimerEngine.swift */,
			);
			path = TimerEngine;
			sourceTree = "<group>";
		};
		E204 /* PetRenderer */ = {
			isa = PBXGroup;
			children = (
				B208 /* PetRenderer.swift */,
			);
			path = PetRenderer;
			sourceTree = "<group>";
		};
		E205 /* WindowManager */ = {
			isa = PBXGroup;
			children = (
				B20A /* WindowManager.swift */,
				B2BC /* BreakRunController.swift */,
				B211 /* MenuBarNSScreen.swift */,
				B20D /* PetStageView.swift */,
			);
			path = WindowManager;
			sourceTree = "<group>";
		};
		E206 /* MalDazeTests */ = {
			isa = PBXGroup;
			children = (
				B301 /* MockWindowManager.swift */,
				B302 /* MalDazeInteractionTests.swift */,
				B303 /* MockRemindersEventStoreBacking.swift */,
				B304 /* RemindersSyncCoordinatorTests.swift */,
				B305 /* SmartReminderOrchestratorTests.swift */,
				B306 /* SmartReminderNotesComposerTests.swift */,
				B307 /* DeskReminderTimeFormatterTests.swift */,
				B308 /* DeskReminderSidebarMergerTests.swift */,
				B309 /* ControlPanelPresentationTests.swift */,
					B311 /* PetRendererTests.swift */,
					B313 /* T7EjectHelperTests.swift */,
					B314 /* T7TargetResolverTests.swift */,
					B315 /* T7TimeMachineControllerTests.swift */,
					B316 /* T7DiskArbitrationEjectorTests.swift */,
					B317 /* T7EjectHelperRunnerTests.swift */,
					B318 /* T7EjectServiceTests.swift */,
				);
				path = MalDazeTests;
				sourceTree = "<group>";
		};
		E207 /* SevenMinuteReminder */ = {
			isa = PBXGroup;
			children = (
				B212 /* SevenMinuteReminderController.swift */,
			);
			path = SevenMinuteReminder;
			sourceTree = "<group>";
		};
		E208 /* FiveMinuteCat */ = {
			isa = PBXGroup;
			children = (
				B214 /* FiveMinuteCatCompanionController.swift */,
			);
			path = FiveMinuteCat;
			sourceTree = "<group>";
		};
		E20C /* HydrationReminder */ = {
			isa = PBXGroup;
			children = (
				B23C /* HydrationReminderController.swift */,
			);
			path = HydrationReminder;
			sourceTree = "<group>";
		};
		E209 /* Reminders */ = {
			isa = PBXGroup;
			children = (
				B215 /* ReminderDisplayItem.swift */,
				B216 /* RemindersCalendarDescriptor.swift */,
				B217 /* RemindersSelectedListPreference.swift */,
				B218 /* RemindersEventStoreBacking.swift */,
				B219 /* RemindersSyncCoordinator.swift */,
				B21A /* EventKitRemindersBacking.swift */,
				B21B /* DeskRemindersModel.swift */,
				B21C /* ReminderEditDetail.swift */,
				B21D /* DeskReminderEditSheet.swift */,
				B231 /* DeskReminderSidebarFormatting.swift */,
			);
			path = Reminders;
			sourceTree = "<group>";
		};
		E20A /* SmartReminder */ = {
			isa = PBXGroup;
			children = (
				B220 /* LLMReminderJSONPayload.swift */,
				B221 /* ReminderMutationServing.swift */,
				B222 /* SmartReminderPromptBuilder.swift */,
				B237 /* SmartReminderInferredTime.swift */,
				B223 /* EventKitReminderMutationService.swift */,
				B224 /* GeminiRemindersAPIClient.swift */,
				B238 /* MalDazeGeminiModelCatalog.swift */,
				B225 /* SmartReminderOrchestrator.swift */,
				B226 /* SmartReminderUIPanels.swift */,
				B230 /* SmartReminderNotesComposer.swift */,
				B232 /* SmartReminderModelDebugLog.swift */,
			);
			path = SmartReminder;
			sourceTree = "<group>";
		};
		E20B /* Settings */ = {
			isa = PBXGroup;
			children = (
				B228 /* MalDazeSettingsView.swift */,
			);
			path = Settings;
			sourceTree = "<group>";
		};
		E20E /* T7Eject */ = {
			isa = PBXGroup;
			children = (
				B250 /* T7EjectResult.swift */,
				B256 /* T7TargetResolver.swift */,
				B258 /* T7TimeMachineController.swift */,
				B25A /* T7DiskArbitrationEjector.swift */,
				B25D /* T7EjectHelperRunner.swift */,
				B25E /* T7DiskUtilInventoryProvider.swift */,
				B261 /* T7EjectService.swift */,
			);
			path = T7Eject;
			sourceTree = "<group>";
		};
		E20F /* T7EjectHelper */ = {
			isa = PBXGroup;
			children = (
				B251 /* main.swift */,
			);
			path = T7EjectHelper;
			sourceTree = "<group>";
		};
/* End PBXGroup section */

/* Begin PBXNativeTarget section */
		F200 /* MalDaze */ = {
			isa = PBXNativeTarget;
			buildConfigurationList = F201 /* Build configuration list for PBXNativeTarget "MalDaze" */;
			buildPhases = (
				F202 /* Sources */,
				D200 /* Frameworks */,
				F203 /* Resources */,
				D252 /* Copy T7EjectHelper */,
			);
			buildRules = (
			);
			dependencies = (
				J251 /* PBXTargetDependency */,
			);
			name = MalDaze;
			productName = MalDaze;
			productReference = C200 /* MalDaze.app */;
			productType = "com.apple.product-type.application";
		};
		F250 /* T7EjectHelper */ = {
			isa = PBXNativeTarget;
			buildConfigurationList = F251 /* Build configuration list for PBXNativeTarget "T7EjectHelper" */;
			buildPhases = (
				D251 /* Sources */,
				D250 /* Frameworks */,
			);
			buildRules = (
			);
			dependencies = (
			);
			name = T7EjectHelper;
			productName = T7EjectHelper;
			productReference = C250 /* T7EjectHelper */;
			productType = "com.apple.product-type.tool";
		};
		F300 /* MalDazeTests */ = {
			isa = PBXNativeTarget;
			buildConfigurationList = F305 /* Build configuration list for PBXNativeTarget "MalDazeTests" */;
			buildPhases = (
				F302 /* Sources */,
				F303 /* Frameworks */,
			);
			buildRules = (
			);
			dependencies = (
				J301 /* PBXTargetDependency */,
			);
			name = MalDazeTests;
			productName = MalDazeTests;
			productReference = C301 /* MalDazeTests.xctest */;
			productType = "com.apple.product-type.bundle.unit-test";
		};
/* End PBXNativeTarget section */

/* Begin PBXProject section */
		G200 /* Project object */ = {
			isa = PBXProject;
			attributes = {
				BuildIndependentTargetsInParallel = 1;
				LastSwiftUpdateCheck = 1500;
				LastUpgradeCheck = 1500;
				TargetAttributes = {
					F200 = {
						CreatedOnToolsVersion = 15.0;
					};
					F250 = {
						CreatedOnToolsVersion = 15.0;
					};
					F300 = {
						CreatedOnToolsVersion = 15.0;
						TestTargetID = F200;
					};
				};
			};
			buildConfigurationList = G201 /* Build configuration list for PBXProject "MalDaze" */;
			compatibilityVersion = "Xcode 14.0";
			developmentRegion = en;
			hasScannedForEncodings = 0;
			knownRegions = (
				en,
				Base,
			);
			mainGroup = E200;
			productRefGroup = E202 /* Products */;
			projectDirPath = "";
			projectRoot = "";
			targets = (
				F200 /* MalDaze */,
				F250 /* T7EjectHelper */,
				F300 /* MalDazeTests */,
			);
		};
/* End PBXProject section */

/* Begin PBXResourcesBuildPhase section */
		F203 /* Resources */ = {
			isa = PBXResourcesBuildPhase;
			buildActionMask = 2147483647;
			files = (
				A20B /* Assets.xcassets in Resources */,
				A240 /* LineDog in Resources */,
			);
			runOnlyForDeploymentPostprocessing = 0;
		};
/* End PBXResourcesBuildPhase section */

/* Begin PBXSourcesBuildPhase section */
		F202 /* Sources */ = {
			isa = PBXSourcesBuildPhase;
			buildActionMask = 2147483647;
			files = (
				A201 /* MalDazeApp.swift in Sources */,
				A210 /* MalDazeAppDelegate.swift in Sources */,
				A202 /* AppViewModel.swift in Sources */,
				A203 /* DashboardRootView.swift in Sources */,
				A20F /* MenuBarDogLabel.swift in Sources */,
				A20E /* PetDisplayMode.swift in Sources */,
				A204 /* TimeState.swift in Sources */,
				A205 /* TimerEngine.swift in Sources */,
				A206 /* ManualTimerEngine.swift in Sources */,
				A207 /* AutoTimerEngine.swift in Sources */,
				A208 /* PetRenderer.swift in Sources */,
				A20A /* WindowManager.swift in Sources */,
				A2BC /* BreakRunController.swift in Sources */,
				A20D /* PetStageView.swift in Sources */,
				A211 /* MenuBarNSScreen.swift in Sources */,
				A212 /* SevenMinuteReminderController.swift in Sources */,
				A213 /* MalDazeBroadcastNotifications.swift in Sources */,
				A214 /* FiveMinuteCatCompanionController.swift in Sources */,
				A23C /* HydrationReminderController.swift in Sources */,
				A215 /* ReminderDisplayItem.swift in Sources */,
				A216 /* RemindersCalendarDescriptor.swift in Sources */,
				A217 /* RemindersSelectedListPreference.swift in Sources */,
				A218 /* RemindersEventStoreBacking.swift in Sources */,
				A219 /* RemindersSyncCoordinator.swift in Sources */,
				A21A /* EventKitRemindersBacking.swift in Sources */,
				A21B /* DeskRemindersModel.swift in Sources */,
				A21C /* ReminderEditDetail.swift in Sources */,
				A21D /* DeskReminderEditSheet.swift in Sources */,
				A220 /* LLMReminderJSONPayload.swift in Sources */,
				A221 /* ReminderMutationServing.swift in Sources */,
				A222 /* SmartReminderPromptBuilder.swift in Sources */,
				A223 /* EventKitReminderMutationService.swift in Sources */,
				A224 /* GeminiRemindersAPIClient.swift in Sources */,
				A238 /* MalDazeGeminiModelCatalog.swift in Sources */,
				A225 /* SmartReminderOrchestrator.swift in Sources */,
				A237 /* SmartReminderInferredTime.swift in Sources */,
				A226 /* SmartReminderUIPanels.swift in Sources */,
				A227 /* MalDazeDefaults.swift in Sources */,
				A233 /* DeskPetMenuShortcut.swift in Sources */,
				A234 /* MalDazeCarbonGlobalHotKeys.swift in Sources */,
				A236 /* SmartReminderInputShortcut.swift in Sources */,
				A239 /* SevenMinuteReminderShortcut.swift in Sources */,
				A23A /* ResetIdlePetPositionShortcut.swift in Sources */,
				A23B /* MalDazeDockIcon.swift in Sources */,
				A228 /* MalDazeSettingsView.swift in Sources */,
				A229 /* MalDazePresentationAnchor.swift in Sources */,
				A230 /* SmartReminderNotesComposer.swift in Sources */,
				A231 /* DeskReminderSidebarFormatting.swift in Sources */,
				A232 /* SmartReminderModelDebugLog.swift in Sources */,
					A250 /* T7EjectResult.swift in Sources */,
					A256 /* T7TargetResolver.swift in Sources */,
					A258 /* T7TimeMachineController.swift in Sources */,
					A25A /* T7DiskArbitrationEjector.swift in Sources */,
					A25D /* T7EjectHelperRunner.swift in Sources */,
					A25F /* T7DiskUtilInventoryProvider.swift in Sources */,
					A261 /* T7EjectService.swift in Sources */,
				);
				runOnlyForDeploymentPostprocessing = 0;
			};
		D251 /* Sources */ = {
			isa = PBXSourcesBuildPhase;
			buildActionMask = 2147483647;
			files = (
				A251 /* T7EjectResult.swift in Sources */,
				A257 /* T7TargetResolver.swift in Sources */,
				A259 /* T7TimeMachineController.swift in Sources */,
				A25B /* T7DiskArbitrationEjector.swift in Sources */,
				A25E /* T7EjectHelperRunner.swift in Sources */,
				A260 /* T7DiskUtilInventoryProvider.swift in Sources */,
				A252 /* main.swift in Sources */,
			);
			runOnlyForDeploymentPostprocessing = 0;
		};
		F302 /* Sources */ = {
			isa = PBXSourcesBuildPhase;
			buildActionMask = 2147483647;
			files = (
				A301 /* MockWindowManager.swift in Sources */,
				A302 /* MalDazeInteractionTests.swift in Sources */,
				A303 /* MockRemindersEventStoreBacking.swift in Sources */,
				A304 /* RemindersSyncCoordinatorTests.swift in Sources */,
				A305 /* SmartReminderOrchestratorTests.swift in Sources */,
				A306 /* SmartReminderNotesComposerTests.swift in Sources */,
				A307 /* DeskReminderTimeFormatterTests.swift in Sources */,
				A308 /* DeskReminderSidebarMergerTests.swift in Sources */,
				A309 /* ControlPanelPresentationTests.swift in Sources */,
					A311 /* PetRendererTests.swift in Sources */,
					A313 /* T7EjectHelperTests.swift in Sources */,
					A314 /* T7TargetResolverTests.swift in Sources */,
					A315 /* T7TimeMachineControllerTests.swift in Sources */,
					A316 /* T7DiskArbitrationEjectorTests.swift in Sources */,
					A317 /* T7EjectHelperRunnerTests.swift in Sources */,
					A318 /* T7EjectServiceTests.swift in Sources */,
				);
				runOnlyForDeploymentPostprocessing = 0;
			};
/* End PBXSourcesBuildPhase section */

	/* Begin PBXTargetDependency section */
		J251 /* PBXTargetDependency */ = {
			isa = PBXTargetDependency;
			target = F250 /* T7EjectHelper */;
			targetProxy = J250 /* PBXContainerItemProxy */;
		};
		J301 /* PBXTargetDependency */ = {
			isa = PBXTargetDependency;
			target = F200 /* MalDaze */;
			targetProxy = J302 /* PBXContainerItemProxy */;
		};
/* End PBXTargetDependency section */

/* Begin XCBuildConfiguration section */
		H200 /* Debug */ = {
			isa = XCBuildConfiguration;
			buildSettings = {
				ALWAYS_SEARCH_USER_PATHS = NO;
				ASSETCATALOG_COMPILER_GENERATE_SWIFT_ASSET_SYMBOL_EXTENSIONS = YES;
				CLANG_ANALYZER_NONNULL = YES;
				CLANG_ANALYZER_NUMBER_OBJECT_CONVERSION = YES_AGGRESSIVE;
				CLANG_CXX_LANGUAGE_STANDARD = "gnu++20";
				CLANG_ENABLE_MODULES = YES;
				CLANG_ENABLE_OBJC_ARC = YES;
				CLANG_ENABLE_OBJC_WEAK = YES;
				CLANG_WARN_BLOCK_CAPTURE_AUTORELEASING = YES;
				CLANG_WARN_BOOL_CONVERSION = YES;
				CLANG_WARN_COMMA = YES;
				CLANG_WARN_CONSTANT_CONVERSION = YES;
				CLANG_WARN_DEPRECATED_OBJC_IMPLEMENTATIONS = YES;
				CLANG_WARN_DIRECT_OBJC_ISA_USAGE = YES_ERROR;
				CLANG_WARN_DOCUMENTATION_COMMENTS = YES;
				CLANG_WARN_EMPTY_BODY = YES;
				CLANG_WARN_ENUM_CONVERSION = YES;
				CLANG_WARN_INFINITE_RECURSION = YES;
				CLANG_WARN_INT_CONVERSION = YES;
				CLANG_WARN_NON_LITERAL_NULL_CONVERSION = YES;
				CLANG_WARN_OBJC_IMPLICIT_RETAIN_SELF = YES;
				CLANG_WARN_OBJC_LITERAL_CONVERSION = YES;
				CLANG_WARN_OBJC_ROOT_CLASS = YES_ERROR;
				CLANG_WARN_QUOTED_INCLUDE_IN_FRAMEWORK_HEADER = YES;
				CLANG_WARN_RANGE_LOOP_ANALYSIS = YES;
				CLANG_WARN_STRICT_PROTOTYPES = YES;
				CLANG_WARN_SUSPICIOUS_MOVE = YES;
				CLANG_WARN_UNGUARDED_AVAILABILITY = YES_AGGRESSIVE;
				CLANG_WARN_UNREACHABLE_CODE = YES;
				CLANG_WARN__DUPLICATE_METHOD_MATCH = YES;
				COPY_PHASE_STRIP = NO;
				DEBUG_INFORMATION_FORMAT = dwarf;
				ENABLE_STRICT_OBJC_MSGSEND = YES;
				ENABLE_TESTABILITY = YES;
				ENABLE_USER_SCRIPT_SANDBOXING = YES;
				GCC_C_LANGUAGE_STANDARD = gnu17;
				GCC_DYNAMIC_NO_PIC = NO;
				GCC_NO_COMMON_BLOCKS = YES;
				GCC_OPTIMIZATION_LEVEL = 0;
				GCC_PREPROCESSOR_DEFINITIONS = (
					"DEBUG=1",
					"$(inherited)",
				);
				GCC_WARN_64_TO_32_BIT_CONVERSION = YES;
				GCC_WARN_ABOUT_RETURN_TYPE = YES_ERROR;
				GCC_WARN_UNDECLARED_SELECTOR = YES;
				GCC_WARN_UNINITIALIZED_AUTOS = YES_AGGRESSIVE;
				GCC_WARN_UNUSED_FUNCTION = YES;
				GCC_WARN_UNUSED_VARIABLE = YES;
				LOCALIZATION_PREFERS_STRING_CATALOGS = YES;
				MACOSX_DEPLOYMENT_TARGET = 13.0;
				MTL_ENABLE_DEBUG_INFO = INCLUDE_SOURCE;
				MTL_FAST_MATH = YES;
				ONLY_ACTIVE_ARCH = YES;
				SDKROOT = macosx;
				SWIFT_ACTIVE_COMPILATION_CONDITIONS = "DEBUG $(inherited)";
				SWIFT_OPTIMIZATION_LEVEL = "-Onone";
			};
			name = Debug;
		};
		H201 /* Release */ = {
			isa = XCBuildConfiguration;
			buildSettings = {
				ALWAYS_SEARCH_USER_PATHS = NO;
				ASSETCATALOG_COMPILER_GENERATE_SWIFT_ASSET_SYMBOL_EXTENSIONS = YES;
				CLANG_ANALYZER_NONNULL = YES;
				CLANG_ANALYZER_NUMBER_OBJECT_CONVERSION = YES_AGGRESSIVE;
				CLANG_CXX_LANGUAGE_STANDARD = "gnu++20";
				CLANG_ENABLE_MODULES = YES;
				CLANG_ENABLE_OBJC_ARC = YES;
				CLANG_ENABLE_OBJC_WEAK = YES;
				CLANG_WARN_BLOCK_CAPTURE_AUTORELEASING = YES;
				CLANG_WARN_BOOL_CONVERSION = YES;
				CLANG_WARN_COMMA = YES;
				CLANG_WARN_CONSTANT_CONVERSION = YES;
				CLANG_WARN_DEPRECATED_OBJC_IMPLEMENTATIONS = YES;
				CLANG_WARN_DIRECT_OBJC_ISA_USAGE = YES_ERROR;
				CLANG_WARN_DOCUMENTATION_COMMENTS = YES;
				CLANG_WARN_EMPTY_BODY = YES;
				CLANG_WARN_ENUM_CONVERSION = YES;
				CLANG_WARN_INFINITE_RECURSION = YES;
				CLANG_WARN_INT_CONVERSION = YES;
				CLANG_WARN_NON_LITERAL_NULL_CONVERSION = YES;
				CLANG_WARN_OBJC_IMPLICIT_RETAIN_SELF = YES;
				CLANG_WARN_OBJC_LITERAL_CONVERSION = YES;
				CLANG_WARN_OBJC_ROOT_CLASS = YES_ERROR;
				CLANG_WARN_QUOTED_INCLUDE_IN_FRAMEWORK_HEADER = YES;
				CLANG_WARN_RANGE_LOOP_ANALYSIS = YES;
				CLANG_WARN_STRICT_PROTOTYPES = YES;
				CLANG_WARN_SUSPICIOUS_MOVE = YES;
				CLANG_WARN_UNGUARDED_AVAILABILITY = YES_AGGRESSIVE;
				CLANG_WARN_UNREACHABLE_CODE = YES;
				CLANG_WARN__DUPLICATE_METHOD_MATCH = YES;
				COPY_PHASE_STRIP = NO;
				DEBUG_INFORMATION_FORMAT = "dwarf-with-dsym";
				ENABLE_NS_ASSERTIONS = NO;
				ENABLE_STRICT_OBJC_MSGSEND = YES;
				ENABLE_USER_SCRIPT_SANDBOXING = YES;
				GCC_C_LANGUAGE_STANDARD = gnu17;
				GCC_NO_COMMON_BLOCKS = YES;
				GCC_WARN_64_TO_32_BIT_CONVERSION = YES;
				GCC_WARN_ABOUT_RETURN_TYPE = YES_ERROR;
				GCC_WARN_UNDECLARED_SELECTOR = YES;
				GCC_WARN_UNINITIALIZED_AUTOS = YES_AGGRESSIVE;
				GCC_WARN_UNUSED_FUNCTION = YES;
				GCC_WARN_UNUSED_VARIABLE = YES;
				LOCALIZATION_PREFERS_STRING_CATALOGS = YES;
				MACOSX_DEPLOYMENT_TARGET = 13.0;
				MTL_ENABLE_DEBUG_INFO = NO;
				MTL_FAST_MATH = YES;
				SDKROOT = macosx;
				SWIFT_COMPILATION_MODE = wholemodule;
			};
			name = Release;
		};
		H202 /* Debug */ = {
			isa = XCBuildConfiguration;
			buildSettings = {
				ASSETCATALOG_COMPILER_APPICON_NAME = AppIcon;
				ASSETCATALOG_COMPILER_GLOBAL_ACCENT_COLOR_NAME = AccentColor;
				CODE_SIGN_STYLE = Automatic;
				COMBINE_HIDPI_IMAGES = YES;
				CURRENT_PROJECT_VERSION = 1;
				DEVELOPMENT_ASSET_PATHS = "";
				DEVELOPMENT_TEAM = 7MUZ966XS3;
				ENABLE_PREVIEWS = YES;
				ENABLE_TESTABILITY = YES;
				GENERATE_INFOPLIST_FILE = YES;
				INFOPLIST_KEY_CFBundleDisplayName = "MalDaze Rest";
				INFOPLIST_KEY_LSApplicationCategoryType = "public.app-category.healthcare-fitness";
				INFOPLIST_KEY_NSHumanReadableCopyright = "";
				INFOPLIST_KEY_NSRemindersUsageDescription = "MalDaze 仅在您选择的列表中读取与勾选今日待办，与系统「提醒事项」同步。";
				LD_RUNPATH_SEARCH_PATHS = (
					"$(inherited)",
					"@executable_path/../Frameworks",
				);
				MARKETING_VERSION = 1.0;
				PRODUCT_BUNDLE_IDENTIFIER = com.maldaze.MalDaze;
				PRODUCT_NAME = "$(TARGET_NAME)";
				SWIFT_EMIT_LOC_STRINGS = YES;
				SWIFT_STRICT_CONCURRENCY = complete;
				SWIFT_VERSION = 5.0;
			};
			name = Debug;
		};
		H203 /* Release */ = {
			isa = XCBuildConfiguration;
			buildSettings = {
				ASSETCATALOG_COMPILER_APPICON_NAME = AppIcon;
				ASSETCATALOG_COMPILER_GLOBAL_ACCENT_COLOR_NAME = AccentColor;
				CODE_SIGN_STYLE = Automatic;
				COMBINE_HIDPI_IMAGES = YES;
				CURRENT_PROJECT_VERSION = 1;
				DEVELOPMENT_ASSET_PATHS = "";
				DEVELOPMENT_TEAM = 7MUZ966XS3;
				ENABLE_PREVIEWS = YES;
				GENERATE_INFOPLIST_FILE = YES;
				INFOPLIST_KEY_CFBundleDisplayName = "MalDaze Rest";
				INFOPLIST_KEY_LSApplicationCategoryType = "public.app-category.healthcare-fitness";
				INFOPLIST_KEY_NSHumanReadableCopyright = "";
				INFOPLIST_KEY_NSRemindersUsageDescription = "MalDaze 仅在您选择的列表中读取与勾选今日待办，与系统「提醒事项」同步。";
				LD_RUNPATH_SEARCH_PATHS = (
					"$(inherited)",
					"@executable_path/../Frameworks",
				);
				MARKETING_VERSION = 1.0;
				PRODUCT_BUNDLE_IDENTIFIER = com.maldaze.MalDaze;
				PRODUCT_NAME = "$(TARGET_NAME)";
				SWIFT_EMIT_LOC_STRINGS = YES;
				SWIFT_STRICT_CONCURRENCY = complete;
				SWIFT_VERSION = 5.0;
			};
			name = Release;
		};
		H250 /* Debug */ = {
			isa = XCBuildConfiguration;
			buildSettings = {
				CODE_SIGN_STYLE = Automatic;
				CURRENT_PROJECT_VERSION = 1;
				DEVELOPMENT_TEAM = 7MUZ966XS3;
				GENERATE_INFOPLIST_FILE = NO;
				LD_RUNPATH_SEARCH_PATHS = "$(inherited)";
				MACOSX_DEPLOYMENT_TARGET = 13.0;
				MARKETING_VERSION = 1.0;
				PRODUCT_BUNDLE_IDENTIFIER = com.maldaze.T7EjectHelper;
				PRODUCT_NAME = "$(TARGET_NAME)";
				SWIFT_EMIT_LOC_STRINGS = NO;
				SWIFT_STRICT_CONCURRENCY = complete;
				SWIFT_VERSION = 5.0;
			};
			name = Debug;
		};
		H251 /* Release */ = {
			isa = XCBuildConfiguration;
			buildSettings = {
				CODE_SIGN_STYLE = Automatic;
				CURRENT_PROJECT_VERSION = 1;
				DEVELOPMENT_TEAM = 7MUZ966XS3;
				GENERATE_INFOPLIST_FILE = NO;
				LD_RUNPATH_SEARCH_PATHS = "$(inherited)";
				MACOSX_DEPLOYMENT_TARGET = 13.0;
				MARKETING_VERSION = 1.0;
				PRODUCT_BUNDLE_IDENTIFIER = com.maldaze.T7EjectHelper;
				PRODUCT_NAME = "$(TARGET_NAME)";
				SWIFT_EMIT_LOC_STRINGS = NO;
				SWIFT_STRICT_CONCURRENCY = complete;
				SWIFT_VERSION = 5.0;
			};
			name = Release;
		};
		H204 /* Debug */ = {
			isa = XCBuildConfiguration;
			buildSettings = {
				BUNDLE_LOADER = "$(TEST_HOST)";
				CODE_SIGN_STYLE = Automatic;
				CURRENT_PROJECT_VERSION = 1;
				GENERATE_INFOPLIST_FILE = YES;
				LD_RUNPATH_SEARCH_PATHS = (
					"$(inherited)",
					"@executable_path/../Frameworks",
					"@loader_path/../Frameworks",
				);
				MACOSX_DEPLOYMENT_TARGET = 13.0;
				MARKETING_VERSION = 1.0;
				PRODUCT_BUNDLE_IDENTIFIER = com.maldaze.MalDazeTests;
				PRODUCT_NAME = "$(TARGET_NAME)";
				SWIFT_EMIT_LOC_STRINGS = NO;
				SWIFT_STRICT_CONCURRENCY = complete;
				SWIFT_VERSION = 5.0;
				TEST_HOST = "$(BUILT_PRODUCTS_DIR)/MalDaze.app/Contents/MacOS/MalDaze";
			};
			name = Debug;
		};
		H205 /* Release */ = {
			isa = XCBuildConfiguration;
			buildSettings = {
				BUNDLE_LOADER = "$(TEST_HOST)";
				CODE_SIGN_STYLE = Automatic;
				CURRENT_PROJECT_VERSION = 1;
				GENERATE_INFOPLIST_FILE = YES;
				LD_RUNPATH_SEARCH_PATHS = (
					"$(inherited)",
					"@executable_path/../Frameworks",
					"@loader_path/../Frameworks",
				);
				MACOSX_DEPLOYMENT_TARGET = 13.0;
				MARKETING_VERSION = 1.0;
				PRODUCT_BUNDLE_IDENTIFIER = com.maldaze.MalDazeTests;
				PRODUCT_NAME = "$(TARGET_NAME)";
				SWIFT_EMIT_LOC_STRINGS = NO;
				SWIFT_STRICT_CONCURRENCY = complete;
				SWIFT_VERSION = 5.0;
				TEST_HOST = "$(BUILT_PRODUCTS_DIR)/MalDaze.app/Contents/MacOS/MalDaze";
			};
			name = Release;
		};
/* End XCBuildConfiguration section */

/* Begin XCConfigurationList section */
		F201 /* Build configuration list for PBXNativeTarget "MalDaze" */ = {
			isa = XCConfigurationList;
			buildConfigurations = (
				H202 /* Debug */,
				H203 /* Release */,
			);
			defaultConfigurationIsVisible = 0;
			defaultConfigurationName = Release;
		};
		F251 /* Build configuration list for PBXNativeTarget "T7EjectHelper" */ = {
			isa = XCConfigurationList;
			buildConfigurations = (
				H250 /* Debug */,
				H251 /* Release */,
			);
			defaultConfigurationIsVisible = 0;
			defaultConfigurationName = Release;
		};
		F305 /* Build configuration list for PBXNativeTarget "MalDazeTests" */ = {
			isa = XCConfigurationList;
			buildConfigurations = (
				H204 /* Debug */,
				H205 /* Release */,
			);
			defaultConfigurationIsVisible = 0;
			defaultConfigurationName = Debug;
		};
		G201 /* Build configuration list for PBXProject "MalDaze" */ = {
			isa = XCConfigurationList;
			buildConfigurations = (
				H200 /* Debug */,
				H201 /* Release */,
			);
			defaultConfigurationIsVisible = 0;
			defaultConfigurationName = Release;
		};
/* End XCConfigurationList section */
	};
	rootObject = G200 /* Project object */;
}
